
Microsoft Visual Studio Solution File, Format Version 12.00
# Visual Studio 2013
VisualStudioVersion = 12.0.31101.0
MinimumVisualStudioVersion = 10.0.40219.1
Project("{FAE04EC0-301F-11D3-BF4B-00C04F79EFBC}") = "Worker", "Worker\Worker.csproj", "{CDF3EF10-E666-4610-A9C6-022BD342ABE5}"
EndProject
Project("{FAE04EC0-301F-11D3-BF4B-00C04F79EFBC}") = "Frontend", "Frontend\Frontend.csproj", "{6DF1B558-9FF8-4F1F-BCBF-B7D731B515C4}"
EndProject
Project("{FAE04EC0-301F-11D3-BF4B-00C04F79EFBC}") = "Library", "Library\Library.csproj", "{47066429-3296-480E-A0AF-F483B0082D41}"
EndProject
Project("{2150E333-8FDC-42A3-9474-1A3956D46DE8}") = "Frontends", "Frontends", "{2AE568AC-0C4F-408E-B79A-F490C90A86FB}"
EndProject
Project("{2150E333-8FDC-42A3-9474-1A3956D46DE8}") = "Azure", "Azure", "{36516FF3-8EF9-4A05-BF0B-81E67E7BA400}"
EndProject
Project("{2150E333-8FDC-42A3-9474-1A3956D46DE8}") = "Nodes", "Nodes", "{1F61F920-0D77-4164-A884-C57A316D8A0D}"
EndProject
Project("{2150E333-8FDC-42A3-9474-1A3956D46DE8}") = "Libraries", "Libraries", "{DBE57561-61A0-417F-9F58-0AE1BEB14699}"
EndProject
Project("{2150E333-8FDC-42A3-9474-1A3956D46DE8}") = "Workers", "Workers", "{71387E34-191A-4806-93E9-3459BCC6BD3C}"
EndProject
Project("{CC5FD16D-436D-48AD-A40C-5A424C6E3E79}") = "AzureFrontend", "AzureFrontend\AzureFrontend.ccproj", "{CECDFB4C-FB33-4F39-B514-7248F77849CE}"
EndProject
Project("{CC5FD16D-436D-48AD-A40C-5A424C6E3E79}") = "AzureWorker", "AzureWorker\AzureWorker.ccproj", "{B14A8273-FBF9-4A68-9ECE-74036C08098F}"
EndProject
Project("{CC5FD16D-436D-48AD-A40C-5A424C6E3E79}") = "AzureNodeMVC", "AzureNodeMVC\AzureNodeMVC.ccproj", "{1246197C-03C0-4365-985D-EFB14FF96007}"
EndProject
Project("{FAE04EC0-301F-11D3-BF4B-00C04F79EFBC}") = "NodeMVC", "NodeMVC\NodeMVC.csproj", "{4D1C6AD8-1DBF-4549-B001-EA60A82B786D}"
EndProject
Global
	GlobalSection(SolutionConfigurationPlatforms) = preSolution
		Debug|Any CPU = Debug|Any CPU
		Debug|x64 = Debug|x64
		Release|Any CPU = Release|Any CPU
		Release|x64 = Release|x64
	EndGlobalSection
	GlobalSection(ProjectConfigurationPlatforms) = postSolution
		{CDF3EF10-E666-4610-A9C6-022BD342ABE5}.Debug|Any CPU.ActiveCfg = Debug|Any CPU
		{CDF3EF10-E666-4610-A9C6-022BD342ABE5}.Debug|Any CPU.Build.0 = Debug|Any CPU
		{CDF3EF10-E666-4610-A9C6-022BD342ABE5}.Debug|x64.ActiveCfg = Debug|x64
		{CDF3EF10-E666-4610-A9C6-022BD342ABE5}.Debug|x64.Build.0 = Debug|x64
		{CDF3EF10-E666-4610-A9C6-022BD342ABE5}.Release|Any CPU.ActiveCfg = Release|Any CPU
		{CDF3EF10-E666-4610-A9C6-022BD342ABE5}.Release|Any CPU.Build.0 = Release|Any CPU
		{CDF3EF10-E666-4610-A9C6-022BD342ABE5}.Release|x64.ActiveCfg = Release|x64
		{CDF3EF10-E666-4610-A9C6-022BD342ABE5}.Release|x64.Build.0 = Release|x64
		{6DF1B558-9FF8-4F1F-BCBF-B7D731B515C4}.Debug|Any CPU.ActiveCfg = Debug|Any CPU
		{6DF1B558-9FF8-4F1F-BCBF-B7D731B515C4}.Debug|Any CPU.Build.0 = Debug|Any CPU
		{6DF1B558-9FF8-4F1F-BCBF-B7D731B515C4}.Debug|x64.ActiveCfg = Debug|x64
		{6DF1B558-9FF8-4F1F-BCBF-B7D731B515C4}.Debug|x64.Build.0 = Debug|x64
		{6DF1B558-9FF8-4F1F-BCBF-B7D731B515C4}.Release|Any CPU.ActiveCfg = Release|Any CPU
		{6DF1B558-9FF8-4F1F-BCBF-B7D731B515C4}.Release|Any CPU.Build.0 = Release|Any CPU
		{6DF1B558-9FF8-4F1F-BCBF-B7D731B515C4}.Release|x64.ActiveCfg = Release|x64
		{6DF1B558-9FF8-4F1F-BCBF-B7D731B515C4}.Release|x64.Build.0 = Release|x64
		{47066429-3296-480E-A0AF-F483B0082D41}.Debug|Any CPU.ActiveCfg = Debug|Any CPU
		{47066429-3296-480E-A0AF-F483B0082D41}.Debug|Any CPU.Build.0 = Debug|Any CPU
		{47066429-3296-480E-A0AF-F483B0082D41}.Debug|x64.ActiveCfg = Debug|x64
		{47066429-3296-480E-A0AF-F483B0082D41}.Debug|x64.Build.0 = Debug|x64
		{47066429-3296-480E-A0AF-F483B0082D41}.Release|Any CPU.ActiveCfg = Release|Any CPU
		{47066429-3296-480E-A0AF-F483B0082D41}.Release|Any CPU.Build.0 = Release|Any CPU
		{47066429-3296-480E-A0AF-F483B0082D41}.Release|x64.ActiveCfg = Release|x64
		{47066429-3296-480E-A0AF-F483B0082D41}.Release|x64.Build.0 = Release|x64
		{CECDFB4C-FB33-4F39-B514-7248F77849CE}.Debug|Any CPU.ActiveCfg = Debug|Any CPU
		{CECDFB4C-FB33-4F39-B514-7248F77849CE}.Debug|Any CPU.Build.0 = Debug|Any CPU
		{CECDFB4C-FB33-4F39-B514-7248F77849CE}.Debug|x64.ActiveCfg = Debug|Any CPU
		{CECDFB4C-FB33-4F39-B514-7248F77849CE}.Release|Any CPU.ActiveCfg = Release|Any CPU
		{CECDFB4C-FB33-4F39-B514-7248F77849CE}.Release|Any CPU.Build.0 = Release|Any CPU
		{CECDFB4C-FB33-4F39-B514-7248F77849CE}.Release|x64.ActiveCfg = Release|Any CPU
		{B14A8273-FBF9-4A68-9ECE-74036C08098F}.Debug|Any CPU.ActiveCfg = Debug|Any CPU
		{B14A8273-FBF9-4A68-9ECE-74036C08098F}.Debug|Any CPU.Build.0 = Debug|Any CPU
		{B14A8273-FBF9-4A68-9ECE-74036C08098F}.Debug|x64.ActiveCfg = Debug|Any CPU
		{B14A8273-FBF9-4A68-9ECE-74036C08098F}.Release|Any CPU.ActiveCfg = Release|Any CPU
		{B14A8273-FBF9-4A68-9ECE-74036C08098F}.Release|Any CPU.Build.0 = Release|Any CPU
		{B14A8273-FBF9-4A68-9ECE-74036C08098F}.Release|x64.ActiveCfg = Release|Any CPU
		{1246197C-03C0-4365-985D-EFB14FF96007}.Debug|Any CPU.ActiveCfg = Debug|Any CPU
		{1246197C-03C0-4365-985D-EFB14FF96007}.Debug|Any CPU.Build.0 = Debug|Any CPU
		{1246197C-03C0-4365-985D-EFB14FF96007}.Debug|x64.ActiveCfg = Debug|Any CPU
		{1246197C-03C0-4365-985D-EFB14FF96007}.Release|Any CPU.ActiveCfg = Release|Any CPU
		{1246197C-03C0-4365-985D-EFB14FF96007}.Release|Any CPU.Build.0 = Release|Any CPU
		{1246197C-03C0-4365-985D-EFB14FF96007}.Release|x64.ActiveCfg = Release|Any CPU
		{4D1C6AD8-1DBF-4549-B001-EA60A82B786D}.Debug|Any CPU.ActiveCfg = Debug|Any CPU
		{4D1C6AD8-1DBF-4549-B001-EA60A82B786D}.Debug|Any CPU.Build.0 = Debug|Any CPU
		{4D1C6AD8-1DBF-4549-B001-EA60A82B786D}.Debug|x64.ActiveCfg = Debug|x64
		{4D1C6AD8-1DBF-4549-B001-EA60A82B786D}.Debug|x64.Build.0 = Debug|x64
		{4D1C6AD8-1DBF-4549-B001-EA60A82B786D}.Release|Any CPU.ActiveCfg = Release|Any CPU
		{4D1C6AD8-1DBF-4549-B001-EA60A82B786D}.Release|Any CPU.Build.0 = Release|Any CPU
		{4D1C6AD8-1DBF-4549-B001-EA60A82B786D}.Release|x64.ActiveCfg = Release|x64
		{4D1C6AD8-1DBF-4549-B001-EA60A82B786D}.Release|x64.Build.0 = Release|x64
	EndGlobalSection
	GlobalSection(SolutionProperties) = preSolution
		HideSolutionNode = FALSE
	EndGlobalSection
	GlobalSection(NestedProjects) = preSolution
		{CDF3EF10-E666-4610-A9C6-022BD342ABE5} = {71387E34-191A-4806-93E9-3459BCC6BD3C}
		{6DF1B558-9FF8-4F1F-BCBF-B7D731B515C4} = {2AE568AC-0C4F-408E-B79A-F490C90A86FB}
		{47066429-3296-480E-A0AF-F483B0082D41} = {DBE57561-61A0-417F-9F58-0AE1BEB14699}
		{CECDFB4C-FB33-4F39-B514-7248F77849CE} = {36516FF3-8EF9-4A05-BF0B-81E67E7BA400}
		{B14A8273-FBF9-4A68-9ECE-74036C08098F} = {36516FF3-8EF9-4A05-BF0B-81E67E7BA400}
		{1246197C-03C0-4365-985D-EFB14FF96007} = {36516FF3-8EF9-4A05-BF0B-81E67E7BA400}
		{4D1C6AD8-1DBF-4549-B001-EA60A82B786D} = {1F61F920-0D77-4164-A884-C57A316D8A0D}
	EndGlobalSection
EndGlobal
