Microsoft Visual Studio Solution File, Format Version 12.00
# Visual Studio 2013
VisualStudioVersion = 12.0.31101.0
MinimumVisualStudioVersion = 10.0.40219.1
Project("{FAE04EC0-301F-11D3-BF4B-00C04F79EFBC}") = "Worker", "Workers\Worker\Worker.csproj", "{CDF3EF10-E666-4610-A9C6-022BD342ABE5}"
EndProject
Project("{2150E333-8FDC-42A3-9474-1A3956D46DE8}") = ".nuget", ".nuget", "{51FC97E2-9EEE-4858-83B7-EB8FF8330DA6}"
	ProjectSection(SolutionItems) = preProject
		.nuget\NuGet.Config = .nuget\NuGet.Config
		.nuget\NuGet.exe = .nuget\NuGet.exe
		.nuget\NuGet.targets = .nuget\NuGet.targets
	EndProjectSection
EndProject
Project("{FAE04EC0-301F-11D3-BF4B-00C04F79EFBC}") = "Frontend", "Frontends\Frontend\Frontend.csproj", "{6DF1B558-9FF8-4F1F-BCBF-B7D731B515C4}"
EndProject
Project("{FAE04EC0-301F-11D3-BF4B-00C04F79EFBC}") = "Frontend.Tests", "Frontends\Frontend.Tests\Frontend.Tests.csproj", "{41BCD1E0-5883-402B-B4DD-28713AC50237}"
EndProject
Project("{2150E333-8FDC-42A3-9474-1A3956D46DE8}") = "Frontends", "Frontends", "{2AE568AC-0C4F-408E-B79A-F490C90A86FB}"
EndProject
Project("{2150E333-8FDC-42A3-9474-1A3956D46DE8}") = "Azure", "Azure", "{36516FF3-8EF9-4A05-BF0B-81E67E7BA400}"
EndProject
Project("{2150E333-8FDC-42A3-9474-1A3956D46DE8}") = "Nodes", "Nodes", "{1F61F920-0D77-4164-A884-C57A316D8A0D}"
EndProject
Project("{2150E333-8FDC-42A3-9474-1A3956D46DE8}") = "Libraries", "Libraries", "{DBE57561-61A0-417F-9F58-0AE1BEB14699}"
EndProject
Project("{2150E333-8FDC-42A3-9474-1A3956D46DE8}") = "Workers", "Workers", "{71387E34-191A-4806-93E9-3459BCC6BD3C}"
EndProject
Project("{CC5FD16D-436D-48AD-A40C-5A424C6E3E79}") = "AzureFrontend", "Azure\AzureFrontend\AzureFrontend.ccproj", "{CECDFB4C-FB33-4F39-B514-7248F77849CE}"
EndProject
Project("{CC5FD16D-436D-48AD-A40C-5A424C6E3E79}") = "AzureWorker", "Azure\AzureWorker\AzureWorker.ccproj", "{B14A8273-FBF9-4A68-9ECE-74036C08098F}"
EndProject
Project("{CC5FD16D-436D-48AD-A40C-5A424C6E3E79}") = "AzureNodeMVC", "Azure\AzureNodeMVC\AzureNodeMVC.ccproj", "{1246197C-03C0-4365-985D-EFB14FF96007}"
EndProject
Project("{FAE04EC0-301F-11D3-BF4B-00C04F79EFBC}") = "NodeMVC", "Nodes\NodeMVC\NodeMVC.csproj", "{4D1C6AD8-1DBF-4549-B001-EA60A82B786D}"
EndProject
Project("{FAE04EC0-301F-11D3-BF4B-00C04F79EFBC}") = "NodeMVC.Tests", "Nodes\NodeMVC.Tests\NodeMVC.Tests.csproj", "{42D6FC80-8131-4532-8BDF-F629E0422428}"
EndProject
Project("{2150E333-8FDC-42A3-9474-1A3956D46DE8}") = "Landers", "Landers", "{03FA0399-C22C-4105-8416-3C7CE2D5DD9C}"
EndProject
Project("{FAE04EC0-301F-11D3-BF4B-00C04F79EFBC}") = "LanderTest", "Landers\LanderTest\LanderTest.csproj", "{8B830909-ED6F-4E62-8363-8855E5D78A8F}"
EndProject
Project("{FAE04EC0-301F-11D3-BF4B-00C04F79EFBC}") = "Worker.Tests", "Workers\Worker.Tests\Worker.Tests.csproj", "{A3790CC8-D99C-4DF8-8B5C-0BB73DD3631B}"
EndProject
Project("{FAE04EC0-301F-11D3-BF4B-00C04F79EFBC}") = "Blaze.DSP.Library.Constants", "Libraries\Blaze.DSP.Library.Constants\Blaze.DSP.Library.Constants.csproj", "{ECF7A4C4-D462-4AAB-BCDC-0BD48C8EFC6D}"
EndProject
Project("{FAE04EC0-301F-11D3-BF4B-00C04F79EFBC}") = "Blaze.DSP.Library.Mapping", "Libraries\Blaze.DSP.Library.Mapping\Blaze.DSP.Library.Mapping.csproj", "{C566BDC9-95C2-4E28-A177-B59844531E9A}"
EndProject
Project("{FAE04EC0-301F-11D3-BF4B-00C04F79EFBC}") = "Blaze.DSP.Library.Enumerators", "Libraries\Blaze.DSP.Library.Enumerators\Blaze.DSP.Library.Enumerators.csproj", "{607F6E03-4758-4218-8023-8E356903F16F}"
EndProject
Project("{FAE04EC0-301F-11D3-BF4B-00C04F79EFBC}") = "Blaze.DSP.Library.Facebook", "Libraries\Blaze.DSP.Library.Facebook\Blaze.DSP.Library.Facebook.csproj", "{0CCE7EC8-20AD-4118-867D-6E8013F23B8E}"
EndProject
Project("{FAE04EC0-301F-11D3-BF4B-00C04F79EFBC}") = "Blaze.DSP.Library.Helpers", "Libraries\Blaze.DSP.Library.Helpers\Blaze.DSP.Library.Helpers.csproj", "{7094FA62-9734-4942-9E4C-274E6A34B3A6}"
EndProject
Project("{FAE04EC0-301F-11D3-BF4B-00C04F79EFBC}") = "Blaze.DSP.Library.Interfaces", "Libraries\Blaze.DSP.Library.Interfaces\Blaze.DSP.Library.Interfaces.csproj", "{15641D35-9EEC-40DF-9E9F-DF7822EA2111}"
EndProject
Project("{FAE04EC0-301F-11D3-BF4B-00C04F79EFBC}") = "Blaze.DSP.Library.IoC", "Libraries\Blaze.DSP.Library.IoC\Blaze.DSP.Library.IoC.csproj", "{4750717B-031C-44ED-B6A8-9FBD2F208D53}"
EndProject
Project("{FAE04EC0-301F-11D3-BF4B-00C04F79EFBC}") = "Blaze.DSP.Library.Models", "Libraries\Blaze.DSP.Library.Models\Blaze.DSP.Library.Models.csproj", "{791EFA9A-E00C-4CD5-855A-99180B8F73F2}"
EndProject
Project("{FAE04EC0-301F-11D3-BF4B-00C04F79EFBC}") = "Blaze.DSP.Library.SignalR", "Libraries\Blaze.DSP.Library.SignalR\Blaze.DSP.Library.SignalR.csproj", "{CE06063A-6EB8-47F5-8190-CD6BB03CF161}"
EndProject
Project("{FAE04EC0-301F-11D3-BF4B-00C04F79EFBC}") = "Blaze.DSP.Library.HandlebarsHelper", "Libraries\Blaze.DSP.Library.HandlebarsHelper\Blaze.DSP.Library.HandlebarsHelper.csproj", "{FCCA8A84-05CE-4127-8DD5-1936305182D0}"
EndProject
Project("{FAE04EC0-301F-11D3-BF4B-00C04F79EFBC}") = "Blaze.DSP.Library.Singletons", "Libraries\Blaze.DSP.Library.Singletons\Blaze.DSP.Library.Singletons.csproj", "{DF2308C8-852A-4EB8-8560-DD2F8522EB9D}"
EndProject
Project("{FAE04EC0-301F-11D3-BF4B-00C04F79EFBC}") = "Blaze.DSP.Library.Mapping.Tests", "Libraries\Blaze.DSP.Library.Mapping.Tests\Blaze.DSP.Library.Mapping.Tests.csproj", "{C63ABB5D-B30D-4204-A2A8-B7FD0B3228AD}"
EndProject
Project("{FAE04EC0-301F-11D3-BF4B-00C04F79EFBC}") = "Blaze.DSP.Library.Constants.Tests", "Libraries\Blaze.DSP.Library.Constants.Tests\Blaze.DSP.Library.Constants.Tests.csproj", "{9118F7BB-8D92-48B2-A2CA-3564B6C48852}"
EndProject
Project("{FAE04EC0-301F-11D3-BF4B-00C04F79EFBC}") = "Blaze.DSP.Library.Enumerators.Tests", "Libraries\Blaze.DSP.Library.Enumerators.Tests\Blaze.DSP.Library.Enumerators.Tests.csproj", "{7654256F-1C34-4243-A9F4-AEA1C9420476}"
EndProject
Project("{FAE04EC0-301F-11D3-BF4B-00C04F79EFBC}") = "Blaze.DSP.Library.Facebook.Tests", "Libraries\Blaze.DSP.Library.Facebook.Tests\Blaze.DSP.Library.Facebook.Tests.csproj", "{56AB103B-9B17-4CE1-A383-5E2305FBC5C7}"
EndProject
Project("{FAE04EC0-301F-11D3-BF4B-00C04F79EFBC}") = "Blaze.DSP.Library.HandlebarsHelper.Tests", "Libraries\Blaze.DSP.Library.HandlebarsHelper.Tests\Blaze.DSP.Library.HandlebarsHelper.Tests.csproj", "{29B26E7A-F6A8-480B-9942-C8640CED5DDC}"
EndProject
Project("{FAE04EC0-301F-11D3-BF4B-00C04F79EFBC}") = "Blaze.DSP.Library.Helpers.Tests", "Libraries\Blaze.DSP.Library.Helpers.Tests\Blaze.DSP.Library.Helpers.Tests.csproj", "{1687FF94-C00F-483A-93EB-EB3D07EA7F59}"
EndProject
Project("{FAE04EC0-301F-11D3-BF4B-00C04F79EFBC}") = "Blaze.DSP.Library.Interfaces.Tests", "Libraries\Blaze.DSP.Library.Interfaces.Tests\Blaze.DSP.Library.Interfaces.Tests.csproj", "{98F527E2-D28A-4687-81E6-CF796E9A1013}"
EndProject
Project("{FAE04EC0-301F-11D3-BF4B-00C04F79EFBC}") = "Blaze.DSP.Library.IoC.Tests", "Libraries\Blaze.DSP.Library.IoC.Tests\Blaze.DSP.Library.IoC.Tests.csproj", "{9161211F-2A16-47B2-8D66-B5259D3B71BD}"
EndProject
Project("{FAE04EC0-301F-11D3-BF4B-00C04F79EFBC}") = "Blaze.DSP.Library.Models.Tests", "Libraries\Blaze.DSP.Library.Models.Tests\Blaze.DSP.Library.Models.Tests.csproj", "{A613E407-503E-46BE-B423-4DCF8D565025}"
EndProject
Project("{FAE04EC0-301F-11D3-BF4B-00C04F79EFBC}") = "Blaze.DSP.Library.SignalR.Tests", "Libraries\Blaze.DSP.Library.SignalR.Tests\Blaze.DSP.Library.SignalR.Tests.csproj", "{D80F354A-E65A-45B2-A59C-DA1439638457}"
EndProject
Project("{FAE04EC0-301F-11D3-BF4B-00C04F79EFBC}") = "Blaze.DSP.Library.Singletons.Tests", "Libraries\Blaze.DSP.Library.Singletons.Tests\Blaze.DSP.Library.Singletons.Tests.csproj", "{3FF2970A-9516-47E4-9949-8F3D48B4C2A4}"
EndProject
Project("{FAE04EC0-301F-11D3-BF4B-00C04F79EFBC}") = "Blaze.DSP.Library.Authenticator", "Libraries\Blaze.DSP.Library.Authenticator\Blaze.DSP.Library.Authenticator.csproj", "{C027A1CA-F3C9-40B5-981F-7F6C03843790}"
EndProject
Project("{FAE04EC0-301F-11D3-BF4B-00C04F79EFBC}") = "Blaze.DSP.Library.Authenticator.Tests", "Libraries\Blaze.DSP.Library.Authenticator.Tests\Blaze.DSP.Library.Authenticator.Tests.csproj", "{67D16909-3993-48DC-A5AB-0F6176E624CC}"
EndProject
Global
	GlobalSection(SolutionConfigurationPlatforms) = preSolution
		Debug|Any CPU = Debug|Any CPU
		Debug|x64 = Debug|x64
		Release (Azure Roles)|Any CPU = Release (Azure Roles)|Any CPU
		Release (Azure Roles)|x64 = Release (Azure Roles)|x64
		Release (Azure Website)|Any CPU = Release (Azure Website)|Any CPU
		Release (Azure Website)|x64 = Release (Azure Website)|x64
		Release (Demo Site)|Any CPU = Release (Demo Site)|Any CPU
		Release (Demo Site)|x64 = Release (Demo Site)|x64
		Release (SSL)|Any CPU = Release (SSL)|Any CPU
		Release (SSL)|x64 = Release (SSL)|x64
		Release|Any CPU = Release|Any CPU
		Release|x64 = Release|x64
	EndGlobalSection
	GlobalSection(ProjectConfigurationPlatforms) = postSolution
		{CDF3EF10-E666-4610-A9C6-022BD342ABE5}.Debug|Any CPU.ActiveCfg = Debug|Any CPU
		{CDF3EF10-E666-4610-A9C6-022BD342ABE5}.Debug|Any CPU.Build.0 = Debug|Any CPU
		{CDF3EF10-E666-4610-A9C6-022BD342ABE5}.Debug|x64.ActiveCfg = Debug|x64
		{CDF3EF10-E666-4610-A9C6-022BD342ABE5}.Debug|x64.Build.0 = Debug|x64
		{CDF3EF10-E666-4610-A9C6-022BD342ABE5}.Release (Azure Roles)|Any CPU.ActiveCfg = Release (Azure Roles)|Any CPU
		{CDF3EF10-E666-4610-A9C6-022BD342ABE5}.Release (Azure Roles)|Any CPU.Build.0 = Release (Azure Roles)|Any CPU
		{CDF3EF10-E666-4610-A9C6-022BD342ABE5}.Release (Azure Roles)|x64.ActiveCfg = Release (Azure Roles)|x64
		{CDF3EF10-E666-4610-A9C6-022BD342ABE5}.Release (Azure Roles)|x64.Build.0 = Release (Azure Roles)|x64
		{CDF3EF10-E666-4610-A9C6-022BD342ABE5}.Release (Azure Website)|Any CPU.ActiveCfg = Release (Azure Website)|Any CPU
		{CDF3EF10-E666-4610-A9C6-022BD342ABE5}.Release (Azure Website)|Any CPU.Build.0 = Release (Azure Website)|Any CPU
		{CDF3EF10-E666-4610-A9C6-022BD342ABE5}.Release (Azure Website)|x64.ActiveCfg = Release (Azure Website)|x64
		{CDF3EF10-E666-4610-A9C6-022BD342ABE5}.Release (Azure Website)|x64.Build.0 = Release (Azure Website)|x64
		{CDF3EF10-E666-4610-A9C6-022BD342ABE5}.Release (Demo Site)|Any CPU.ActiveCfg = Release (Demo Site)|Any CPU
		{CDF3EF10-E666-4610-A9C6-022BD342ABE5}.Release (Demo Site)|Any CPU.Build.0 = Release (Demo Site)|Any CPU
		{CDF3EF10-E666-4610-A9C6-022BD342ABE5}.Release (Demo Site)|x64.ActiveCfg = Release (Demo Site)|x64
		{CDF3EF10-E666-4610-A9C6-022BD342ABE5}.Release (Demo Site)|x64.Build.0 = Release (Demo Site)|x64
		{CDF3EF10-E666-4610-A9C6-022BD342ABE5}.Release (SSL)|Any CPU.ActiveCfg = Release (SSL)|Any CPU
		{CDF3EF10-E666-4610-A9C6-022BD342ABE5}.Release (SSL)|Any CPU.Build.0 = Release (SSL)|Any CPU
		{CDF3EF10-E666-4610-A9C6-022BD342ABE5}.Release (SSL)|x64.ActiveCfg = Release (SSL)|x64
		{CDF3EF10-E666-4610-A9C6-022BD342ABE5}.Release (SSL)|x64.Build.0 = Release (SSL)|x64
		{CDF3EF10-E666-4610-A9C6-022BD342ABE5}.Release|Any CPU.ActiveCfg = Release|Any CPU
		{CDF3EF10-E666-4610-A9C6-022BD342ABE5}.Release|Any CPU.Build.0 = Release|Any CPU
		{CDF3EF10-E666-4610-A9C6-022BD342ABE5}.Release|x64.ActiveCfg = Release|x64
		{CDF3EF10-E666-4610-A9C6-022BD342ABE5}.Release|x64.Build.0 = Release|x64
		{6DF1B558-9FF8-4F1F-BCBF-B7D731B515C4}.Debug|Any CPU.ActiveCfg = Debug|Any CPU
		{6DF1B558-9FF8-4F1F-BCBF-B7D731B515C4}.Debug|Any CPU.Build.0 = Debug|Any CPU
		{6DF1B558-9FF8-4F1F-BCBF-B7D731B515C4}.Debug|x64.ActiveCfg = Debug|x64
		{6DF1B558-9FF8-4F1F-BCBF-B7D731B515C4}.Debug|x64.Build.0 = Debug|x64
		{6DF1B558-9FF8-4F1F-BCBF-B7D731B515C4}.Release (Azure Roles)|Any CPU.ActiveCfg = Release (Azure Roles)|Any CPU
		{6DF1B558-9FF8-4F1F-BCBF-B7D731B515C4}.Release (Azure Roles)|Any CPU.Build.0 = Release (Azure Roles)|Any CPU
		{6DF1B558-9FF8-4F1F-BCBF-B7D731B515C4}.Release (Azure Roles)|x64.ActiveCfg = Release (Azure Roles)|x64
		{6DF1B558-9FF8-4F1F-BCBF-B7D731B515C4}.Release (Azure Roles)|x64.Build.0 = Release (Azure Roles)|x64
		{6DF1B558-9FF8-4F1F-BCBF-B7D731B515C4}.Release (Azure Website)|Any CPU.ActiveCfg = Release (Azure Website)|Any CPU
		{6DF1B558-9FF8-4F1F-BCBF-B7D731B515C4}.Release (Azure Website)|Any CPU.Build.0 = Release (Azure Website)|Any CPU
		{6DF1B558-9FF8-4F1F-BCBF-B7D731B515C4}.Release (Azure Website)|x64.ActiveCfg = Release (Azure Website)|x64
		{6DF1B558-9FF8-4F1F-BCBF-B7D731B515C4}.Release (Azure Website)|x64.Build.0 = Release (Azure Website)|x64
		{6DF1B558-9FF8-4F1F-BCBF-B7D731B515C4}.Release (Demo Site)|Any CPU.ActiveCfg = Release (Demo Site)|Any CPU
		{6DF1B558-9FF8-4F1F-BCBF-B7D731B515C4}.Release (Demo Site)|Any CPU.Build.0 = Release (Demo Site)|Any CPU
		{6DF1B558-9FF8-4F1F-BCBF-B7D731B515C4}.Release (Demo Site)|x64.ActiveCfg = Release (Demo Site)|x64
		{6DF1B558-9FF8-4F1F-BCBF-B7D731B515C4}.Release (Demo Site)|x64.Build.0 = Release (Demo Site)|x64
		{6DF1B558-9FF8-4F1F-BCBF-B7D731B515C4}.Release (SSL)|Any CPU.ActiveCfg = Release (SSL)|Any CPU
		{6DF1B558-9FF8-4F1F-BCBF-B7D731B515C4}.Release (SSL)|Any CPU.Build.0 = Release (SSL)|Any CPU
		{6DF1B558-9FF8-4F1F-BCBF-B7D731B515C4}.Release (SSL)|x64.ActiveCfg = Release (SSL)|x64
		{6DF1B558-9FF8-4F1F-BCBF-B7D731B515C4}.Release (SSL)|x64.Build.0 = Release (SSL)|x64
		{6DF1B558-9FF8-4F1F-BCBF-B7D731B515C4}.Release|Any CPU.ActiveCfg = Release|Any CPU
		{6DF1B558-9FF8-4F1F-BCBF-B7D731B515C4}.Release|Any CPU.Build.0 = Release|Any CPU
		{6DF1B558-9FF8-4F1F-BCBF-B7D731B515C4}.Release|x64.ActiveCfg = Release|x64
		{6DF1B558-9FF8-4F1F-BCBF-B7D731B515C4}.Release|x64.Build.0 = Release|x64
		{41BCD1E0-5883-402B-B4DD-28713AC50237}.Debug|Any CPU.ActiveCfg = Debug|Any CPU
		{41BCD1E0-5883-402B-B4DD-28713AC50237}.Debug|Any CPU.Build.0 = Debug|Any CPU
		{41BCD1E0-5883-402B-B4DD-28713AC50237}.Debug|x64.ActiveCfg = Debug|x64
		{41BCD1E0-5883-402B-B4DD-28713AC50237}.Debug|x64.Build.0 = Debug|x64
		{41BCD1E0-5883-402B-B4DD-28713AC50237}.Release (Azure Roles)|Any CPU.ActiveCfg = Release (Azure Roles)|Any CPU
		{41BCD1E0-5883-402B-B4DD-28713AC50237}.Release (Azure Roles)|Any CPU.Build.0 = Release (Azure Roles)|Any CPU
		{41BCD1E0-5883-402B-B4DD-28713AC50237}.Release (Azure Roles)|x64.ActiveCfg = Release (Azure Roles)|x64
		{41BCD1E0-5883-402B-B4DD-28713AC50237}.Release (Azure Roles)|x64.Build.0 = Release (Azure Roles)|x64
		{41BCD1E0-5883-402B-B4DD-28713AC50237}.Release (Azure Website)|Any CPU.ActiveCfg = Release (Azure Website)|Any CPU
		{41BCD1E0-5883-402B-B4DD-28713AC50237}.Release (Azure Website)|Any CPU.Build.0 = Release (Azure Website)|Any CPU
		{41BCD1E0-5883-402B-B4DD-28713AC50237}.Release (Azure Website)|x64.ActiveCfg = Release (Azure Website)|x64
		{41BCD1E0-5883-402B-B4DD-28713AC50237}.Release (Azure Website)|x64.Build.0 = Release (Azure Website)|x64
		{41BCD1E0-5883-402B-B4DD-28713AC50237}.Release (Demo Site)|Any CPU.ActiveCfg = Release (Demo Site)|Any CPU
		{41BCD1E0-5883-402B-B4DD-28713AC50237}.Release (Demo Site)|Any CPU.Build.0 = Release (Demo Site)|Any CPU
		{41BCD1E0-5883-402B-B4DD-28713AC50237}.Release (Demo Site)|x64.ActiveCfg = Release (Demo Site)|x64
		{41BCD1E0-5883-402B-B4DD-28713AC50237}.Release (Demo Site)|x64.Build.0 = Release (Demo Site)|x64
		{41BCD1E0-5883-402B-B4DD-28713AC50237}.Release (SSL)|Any CPU.ActiveCfg = Release (SSL)|Any CPU
		{41BCD1E0-5883-402B-B4DD-28713AC50237}.Release (SSL)|Any CPU.Build.0 = Release (SSL)|Any CPU
		{41BCD1E0-5883-402B-B4DD-28713AC50237}.Release (SSL)|x64.ActiveCfg = Release (SSL)|x64
		{41BCD1E0-5883-402B-B4DD-28713AC50237}.Release (SSL)|x64.Build.0 = Release (SSL)|x64
		{41BCD1E0-5883-402B-B4DD-28713AC50237}.Release|Any CPU.ActiveCfg = Release|Any CPU
		{41BCD1E0-5883-402B-B4DD-28713AC50237}.Release|Any CPU.Build.0 = Release|Any CPU
		{41BCD1E0-5883-402B-B4DD-28713AC50237}.Release|x64.ActiveCfg = Release|x64
		{41BCD1E0-5883-402B-B4DD-28713AC50237}.Release|x64.Build.0 = Release|x64
		{CECDFB4C-FB33-4F39-B514-7248F77849CE}.Debug|Any CPU.ActiveCfg = Debug|Any CPU
		{CECDFB4C-FB33-4F39-B514-7248F77849CE}.Debug|Any CPU.Build.0 = Debug|Any CPU
		{CECDFB4C-FB33-4F39-B514-7248F77849CE}.Debug|x64.ActiveCfg = Debug|Any CPU
		{CECDFB4C-FB33-4F39-B514-7248F77849CE}.Release (Azure Roles)|Any CPU.ActiveCfg = Release (Azure Roles)|Any CPU
		{CECDFB4C-FB33-4F39-B514-7248F77849CE}.Release (Azure Roles)|Any CPU.Build.0 = Release (Azure Roles)|Any CPU
		{CECDFB4C-FB33-4F39-B514-7248F77849CE}.Release (Azure Roles)|x64.ActiveCfg = Release (Azure Roles)|Any CPU
		{CECDFB4C-FB33-4F39-B514-7248F77849CE}.Release (Azure Website)|Any CPU.ActiveCfg = Release (Azure Website)|Any CPU
		{CECDFB4C-FB33-4F39-B514-7248F77849CE}.Release (Azure Website)|Any CPU.Build.0 = Release (Azure Website)|Any CPU
		{CECDFB4C-FB33-4F39-B514-7248F77849CE}.Release (Azure Website)|x64.ActiveCfg = Release (Azure Website)|Any CPU
		{CECDFB4C-FB33-4F39-B514-7248F77849CE}.Release (Demo Site)|Any CPU.ActiveCfg = Release (Demo Site)|Any CPU
		{CECDFB4C-FB33-4F39-B514-7248F77849CE}.Release (Demo Site)|Any CPU.Build.0 = Release (Demo Site)|Any CPU
		{CECDFB4C-FB33-4F39-B514-7248F77849CE}.Release (Demo Site)|x64.ActiveCfg = Release (Demo Site)|Any CPU
		{CECDFB4C-FB33-4F39-B514-7248F77849CE}.Release (SSL)|Any CPU.ActiveCfg = Release (SSL)|Any CPU
		{CECDFB4C-FB33-4F39-B514-7248F77849CE}.Release (SSL)|Any CPU.Build.0 = Release (SSL)|Any CPU
		{CECDFB4C-FB33-4F39-B514-7248F77849CE}.Release (SSL)|x64.ActiveCfg = Release (SSL)|Any CPU
		{CECDFB4C-FB33-4F39-B514-7248F77849CE}.Release|Any CPU.ActiveCfg = Release|Any CPU
		{CECDFB4C-FB33-4F39-B514-7248F77849CE}.Release|Any CPU.Build.0 = Release|Any CPU
		{CECDFB4C-FB33-4F39-B514-7248F77849CE}.Release|x64.ActiveCfg = Release|Any CPU
		{B14A8273-FBF9-4A68-9ECE-74036C08098F}.Debug|Any CPU.ActiveCfg = Debug|Any CPU
		{B14A8273-FBF9-4A68-9ECE-74036C08098F}.Debug|Any CPU.Build.0 = Debug|Any CPU
		{B14A8273-FBF9-4A68-9ECE-74036C08098F}.Debug|x64.ActiveCfg = Debug|Any CPU
		{B14A8273-FBF9-4A68-9ECE-74036C08098F}.Release (Azure Roles)|Any CPU.ActiveCfg = Release (Azure Roles)|Any CPU
		{B14A8273-FBF9-4A68-9ECE-74036C08098F}.Release (Azure Roles)|Any CPU.Build.0 = Release (Azure Roles)|Any CPU
		{B14A8273-FBF9-4A68-9ECE-74036C08098F}.Release (Azure Roles)|x64.ActiveCfg = Release (Azure Roles)|Any CPU
		{B14A8273-FBF9-4A68-9ECE-74036C08098F}.Release (Azure Website)|Any CPU.ActiveCfg = Release (Azure Website)|Any CPU
		{B14A8273-FBF9-4A68-9ECE-74036C08098F}.Release (Azure Website)|Any CPU.Build.0 = Release (Azure Website)|Any CPU
		{B14A8273-FBF9-4A68-9ECE-74036C08098F}.Release (Azure Website)|x64.ActiveCfg = Release (Azure Website)|Any CPU
		{B14A8273-FBF9-4A68-9ECE-74036C08098F}.Release (Demo Site)|Any CPU.ActiveCfg = Release (Demo Site)|Any CPU
		{B14A8273-FBF9-4A68-9ECE-74036C08098F}.Release (Demo Site)|Any CPU.Build.0 = Release (Demo Site)|Any CPU
		{B14A8273-FBF9-4A68-9ECE-74036C08098F}.Release (Demo Site)|x64.ActiveCfg = Release (Demo Site)|Any CPU
		{B14A8273-FBF9-4A68-9ECE-74036C08098F}.Release (SSL)|Any CPU.ActiveCfg = Release (SSL)|Any CPU
		{B14A8273-FBF9-4A68-9ECE-74036C08098F}.Release (SSL)|Any CPU.Build.0 = Release (SSL)|Any CPU
		{B14A8273-FBF9-4A68-9ECE-74036C08098F}.Release (SSL)|x64.ActiveCfg = Release (SSL)|Any CPU
		{B14A8273-FBF9-4A68-9ECE-74036C08098F}.Release|Any CPU.ActiveCfg = Release|Any CPU
		{B14A8273-FBF9-4A68-9ECE-74036C08098F}.Release|Any CPU.Build.0 = Release|Any CPU
		{B14A8273-FBF9-4A68-9ECE-74036C08098F}.Release|x64.ActiveCfg = Release|Any CPU
		{1246197C-03C0-4365-985D-EFB14FF96007}.Debug|Any CPU.ActiveCfg = Debug|Any CPU
		{1246197C-03C0-4365-985D-EFB14FF96007}.Debug|Any CPU.Build.0 = Debug|Any CPU
		{1246197C-03C0-4365-985D-EFB14FF96007}.Debug|x64.ActiveCfg = Debug|Any CPU
		{1246197C-03C0-4365-985D-EFB14FF96007}.Release (Azure Roles)|Any CPU.ActiveCfg = Release (Azure Roles)|Any CPU
		{1246197C-03C0-4365-985D-EFB14FF96007}.Release (Azure Roles)|Any CPU.Build.0 = Release (Azure Roles)|Any CPU
		{1246197C-03C0-4365-985D-EFB14FF96007}.Release (Azure Roles)|x64.ActiveCfg = Release (Azure Roles)|Any CPU
		{1246197C-03C0-4365-985D-EFB14FF96007}.Release (Azure Website)|Any CPU.ActiveCfg = Release (Azure Website)|Any CPU
		{1246197C-03C0-4365-985D-EFB14FF96007}.Release (Azure Website)|Any CPU.Build.0 = Release (Azure Website)|Any CPU
		{1246197C-03C0-4365-985D-EFB14FF96007}.Release (Azure Website)|x64.ActiveCfg = Release (Azure Website)|Any CPU
		{1246197C-03C0-4365-985D-EFB14FF96007}.Release (Demo Site)|Any CPU.ActiveCfg = Release (Demo Site)|Any CPU
		{1246197C-03C0-4365-985D-EFB14FF96007}.Release (Demo Site)|Any CPU.Build.0 = Release (Demo Site)|Any CPU
		{1246197C-03C0-4365-985D-EFB14FF96007}.Release (Demo Site)|x64.ActiveCfg = Release (Demo Site)|Any CPU
		{1246197C-03C0-4365-985D-EFB14FF96007}.Release (SSL)|Any CPU.ActiveCfg = Release (SSL)|Any CPU
		{1246197C-03C0-4365-985D-EFB14FF96007}.Release (SSL)|Any CPU.Build.0 = Release (SSL)|Any CPU
		{1246197C-03C0-4365-985D-EFB14FF96007}.Release (SSL)|x64.ActiveCfg = Release (SSL)|Any CPU
		{1246197C-03C0-4365-985D-EFB14FF96007}.Release|Any CPU.ActiveCfg = Release|Any CPU
		{1246197C-03C0-4365-985D-EFB14FF96007}.Release|Any CPU.Build.0 = Release|Any CPU
		{1246197C-03C0-4365-985D-EFB14FF96007}.Release|x64.ActiveCfg = Release|Any CPU
		{4D1C6AD8-1DBF-4549-B001-EA60A82B786D}.Debug|Any CPU.ActiveCfg = Debug|Any CPU
		{4D1C6AD8-1DBF-4549-B001-EA60A82B786D}.Debug|Any CPU.Build.0 = Debug|Any CPU
		{4D1C6AD8-1DBF-4549-B001-EA60A82B786D}.Debug|x64.ActiveCfg = Debug|x64
		{4D1C6AD8-1DBF-4549-B001-EA60A82B786D}.Debug|x64.Build.0 = Debug|x64
		{4D1C6AD8-1DBF-4549-B001-EA60A82B786D}.Release (Azure Roles)|Any CPU.ActiveCfg = Release (Azure Roles)|Any CPU
		{4D1C6AD8-1DBF-4549-B001-EA60A82B786D}.Release (Azure Roles)|Any CPU.Build.0 = Release (Azure Roles)|Any CPU
		{4D1C6AD8-1DBF-4549-B001-EA60A82B786D}.Release (Azure Roles)|x64.ActiveCfg = Release (Azure Roles)|x64
		{4D1C6AD8-1DBF-4549-B001-EA60A82B786D}.Release (Azure Roles)|x64.Build.0 = Release (Azure Roles)|x64
		{4D1C6AD8-1DBF-4549-B001-EA60A82B786D}.Release (Azure Website)|Any CPU.ActiveCfg = Release (Azure Website)|Any CPU
		{4D1C6AD8-1DBF-4549-B001-EA60A82B786D}.Release (Azure Website)|Any CPU.Build.0 = Release (Azure Website)|Any CPU
		{4D1C6AD8-1DBF-4549-B001-EA60A82B786D}.Release (Azure Website)|x64.ActiveCfg = Release (Azure Website)|x64
		{4D1C6AD8-1DBF-4549-B001-EA60A82B786D}.Release (Azure Website)|x64.Build.0 = Release (Azure Website)|x64
		{4D1C6AD8-1DBF-4549-B001-EA60A82B786D}.Release (Demo Site)|Any CPU.ActiveCfg = Release (Demo Site)|Any CPU
		{4D1C6AD8-1DBF-4549-B001-EA60A82B786D}.Release (Demo Site)|Any CPU.Build.0 = Release (Demo Site)|Any CPU
		{4D1C6AD8-1DBF-4549-B001-EA60A82B786D}.Release (Demo Site)|x64.ActiveCfg = Release (Demo Site)|x64
		{4D1C6AD8-1DBF-4549-B001-EA60A82B786D}.Release (Demo Site)|x64.Build.0 = Release (Demo Site)|x64
		{4D1C6AD8-1DBF-4549-B001-EA60A82B786D}.Release (SSL)|Any CPU.ActiveCfg = Release (SSL)|Any CPU
		{4D1C6AD8-1DBF-4549-B001-EA60A82B786D}.Release (SSL)|Any CPU.Build.0 = Release (SSL)|Any CPU
		{4D1C6AD8-1DBF-4549-B001-EA60A82B786D}.Release (SSL)|x64.ActiveCfg = Release (SSL)|x64
		{4D1C6AD8-1DBF-4549-B001-EA60A82B786D}.Release (SSL)|x64.Build.0 = Release (SSL)|x64
		{4D1C6AD8-1DBF-4549-B001-EA60A82B786D}.Release|Any CPU.ActiveCfg = Release|Any CPU
		{4D1C6AD8-1DBF-4549-B001-EA60A82B786D}.Release|Any CPU.Build.0 = Release|Any CPU
		{4D1C6AD8-1DBF-4549-B001-EA60A82B786D}.Release|x64.ActiveCfg = Release|x64
		{4D1C6AD8-1DBF-4549-B001-EA60A82B786D}.Release|x64.Build.0 = Release|x64
		{42D6FC80-8131-4532-8BDF-F629E0422428}.Debug|Any CPU.ActiveCfg = Debug|Any CPU
		{42D6FC80-8131-4532-8BDF-F629E0422428}.Debug|Any CPU.Build.0 = Debug|Any CPU
		{42D6FC80-8131-4532-8BDF-F629E0422428}.Debug|x64.ActiveCfg = Debug|x64
		{42D6FC80-8131-4532-8BDF-F629E0422428}.Debug|x64.Build.0 = Debug|x64
		{42D6FC80-8131-4532-8BDF-F629E0422428}.Release (Azure Roles)|Any CPU.ActiveCfg = Release (Azure Roles)|Any CPU
		{42D6FC80-8131-4532-8BDF-F629E0422428}.Release (Azure Roles)|Any CPU.Build.0 = Release (Azure Roles)|Any CPU
		{42D6FC80-8131-4532-8BDF-F629E0422428}.Release (Azure Roles)|x64.ActiveCfg = Release (Azure Roles)|x64
		{42D6FC80-8131-4532-8BDF-F629E0422428}.Release (Azure Roles)|x64.Build.0 = Release (Azure Roles)|x64
		{42D6FC80-8131-4532-8BDF-F629E0422428}.Release (Azure Website)|Any CPU.ActiveCfg = Release (Azure Website)|Any CPU
		{42D6FC80-8131-4532-8BDF-F629E0422428}.Release (Azure Website)|Any CPU.Build.0 = Release (Azure Website)|Any CPU
		{42D6FC80-8131-4532-8BDF-F629E0422428}.Release (Azure Website)|x64.ActiveCfg = Release (Azure Website)|x64
		{42D6FC80-8131-4532-8BDF-F629E0422428}.Release (Azure Website)|x64.Build.0 = Release (Azure Website)|x64
		{42D6FC80-8131-4532-8BDF-F629E0422428}.Release (Demo Site)|Any CPU.ActiveCfg = Release (Demo Site)|Any CPU
		{42D6FC80-8131-4532-8BDF-F629E0422428}.Release (Demo Site)|Any CPU.Build.0 = Release (Demo Site)|Any CPU
		{42D6FC80-8131-4532-8BDF-F629E0422428}.Release (Demo Site)|x64.ActiveCfg = Release (Demo Site)|x64
		{42D6FC80-8131-4532-8BDF-F629E0422428}.Release (Demo Site)|x64.Build.0 = Release (Demo Site)|x64
		{42D6FC80-8131-4532-8BDF-F629E0422428}.Release (SSL)|Any CPU.ActiveCfg = Release (SSL)|Any CPU
		{42D6FC80-8131-4532-8BDF-F629E0422428}.Release (SSL)|Any CPU.Build.0 = Release (SSL)|Any CPU
		{42D6FC80-8131-4532-8BDF-F629E0422428}.Release (SSL)|x64.ActiveCfg = Release (SSL)|x64
		{42D6FC80-8131-4532-8BDF-F629E0422428}.Release (SSL)|x64.Build.0 = Release (SSL)|x64
		{42D6FC80-8131-4532-8BDF-F629E0422428}.Release|Any CPU.ActiveCfg = Release|Any CPU
		{42D6FC80-8131-4532-8BDF-F629E0422428}.Release|Any CPU.Build.0 = Release|Any CPU
		{42D6FC80-8131-4532-8BDF-F629E0422428}.Release|x64.ActiveCfg = Release|x64
		{42D6FC80-8131-4532-8BDF-F629E0422428}.Release|x64.Build.0 = Release|x64
		{8B830909-ED6F-4E62-8363-8855E5D78A8F}.Debug|Any CPU.ActiveCfg = Debug|Any CPU
		{8B830909-ED6F-4E62-8363-8855E5D78A8F}.Debug|Any CPU.Build.0 = Debug|Any CPU
		{8B830909-ED6F-4E62-8363-8855E5D78A8F}.Debug|x64.ActiveCfg = Debug|Any CPU
		{8B830909-ED6F-4E62-8363-8855E5D78A8F}.Release (Azure Roles)|Any CPU.ActiveCfg = Release|Any CPU
		{8B830909-ED6F-4E62-8363-8855E5D78A8F}.Release (Azure Roles)|Any CPU.Build.0 = Release|Any CPU
		{8B830909-ED6F-4E62-8363-8855E5D78A8F}.Release (Azure Roles)|x64.ActiveCfg = Release|Any CPU
		{8B830909-ED6F-4E62-8363-8855E5D78A8F}.Release (Azure Website)|Any CPU.ActiveCfg = Release|Any CPU
		{8B830909-ED6F-4E62-8363-8855E5D78A8F}.Release (Azure Website)|Any CPU.Build.0 = Release|Any CPU
		{8B830909-ED6F-4E62-8363-8855E5D78A8F}.Release (Azure Website)|x64.ActiveCfg = Release|Any CPU
		{8B830909-ED6F-4E62-8363-8855E5D78A8F}.Release (Demo Site)|Any CPU.ActiveCfg = Release|Any CPU
		{8B830909-ED6F-4E62-8363-8855E5D78A8F}.Release (Demo Site)|Any CPU.Build.0 = Release|Any CPU
		{8B830909-ED6F-4E62-8363-8855E5D78A8F}.Release (Demo Site)|x64.ActiveCfg = Release|Any CPU
		{8B830909-ED6F-4E62-8363-8855E5D78A8F}.Release (SSL)|Any CPU.ActiveCfg = Release|Any CPU
		{8B830909-ED6F-4E62-8363-8855E5D78A8F}.Release (SSL)|Any CPU.Build.0 = Release|Any CPU
		{8B830909-ED6F-4E62-8363-8855E5D78A8F}.Release (SSL)|x64.ActiveCfg = Release|Any CPU
		{8B830909-ED6F-4E62-8363-8855E5D78A8F}.Release|Any CPU.ActiveCfg = Release|Any CPU
		{8B830909-ED6F-4E62-8363-8855E5D78A8F}.Release|Any CPU.Build.0 = Release|Any CPU
		{8B830909-ED6F-4E62-8363-8855E5D78A8F}.Release|x64.ActiveCfg = Release|Any CPU
		{A3790CC8-D99C-4DF8-8B5C-0BB73DD3631B}.Debug|Any CPU.ActiveCfg = Debug|Any CPU
		{A3790CC8-D99C-4DF8-8B5C-0BB73DD3631B}.Debug|Any CPU.Build.0 = Debug|Any CPU
		{A3790CC8-D99C-4DF8-8B5C-0BB73DD3631B}.Debug|x64.ActiveCfg = Debug|Any CPU
		{A3790CC8-D99C-4DF8-8B5C-0BB73DD3631B}.Release (Azure Roles)|Any CPU.ActiveCfg = Release|Any CPU
		{A3790CC8-D99C-4DF8-8B5C-0BB73DD3631B}.Release (Azure Roles)|Any CPU.Build.0 = Release|Any CPU
		{A3790CC8-D99C-4DF8-8B5C-0BB73DD3631B}.Release (Azure Roles)|x64.ActiveCfg = Release|Any CPU
		{A3790CC8-D99C-4DF8-8B5C-0BB73DD3631B}.Release (Azure Website)|Any CPU.ActiveCfg = Release|Any CPU
		{A3790CC8-D99C-4DF8-8B5C-0BB73DD3631B}.Release (Azure Website)|Any CPU.Build.0 = Release|Any CPU
		{A3790CC8-D99C-4DF8-8B5C-0BB73DD3631B}.Release (Azure Website)|x64.ActiveCfg = Release|Any CPU
		{A3790CC8-D99C-4DF8-8B5C-0BB73DD3631B}.Release (Demo Site)|Any CPU.ActiveCfg = Release|Any CPU
		{A3790CC8-D99C-4DF8-8B5C-0BB73DD3631B}.Release (Demo Site)|Any CPU.Build.0 = Release|Any CPU
		{A3790CC8-D99C-4DF8-8B5C-0BB73DD3631B}.Release (Demo Site)|x64.ActiveCfg = Release|Any CPU
		{A3790CC8-D99C-4DF8-8B5C-0BB73DD3631B}.Release (SSL)|Any CPU.ActiveCfg = Release|Any CPU
		{A3790CC8-D99C-4DF8-8B5C-0BB73DD3631B}.Release (SSL)|Any CPU.Build.0 = Release|Any CPU
		{A3790CC8-D99C-4DF8-8B5C-0BB73DD3631B}.Release (SSL)|x64.ActiveCfg = Release|Any CPU
		{A3790CC8-D99C-4DF8-8B5C-0BB73DD3631B}.Release|Any CPU.ActiveCfg = Release|Any CPU
		{A3790CC8-D99C-4DF8-8B5C-0BB73DD3631B}.Release|Any CPU.Build.0 = Release|Any CPU
		{A3790CC8-D99C-4DF8-8B5C-0BB73DD3631B}.Release|x64.ActiveCfg = Release|Any CPU
		{ECF7A4C4-D462-4AAB-BCDC-0BD48C8EFC6D}.Debug|Any CPU.ActiveCfg = Debug|Any CPU
		{ECF7A4C4-D462-4AAB-BCDC-0BD48C8EFC6D}.Debug|Any CPU.Build.0 = Debug|Any CPU
		{ECF7A4C4-D462-4AAB-BCDC-0BD48C8EFC6D}.Debug|x64.ActiveCfg = Debug|Any CPU
		{ECF7A4C4-D462-4AAB-BCDC-0BD48C8EFC6D}.Release (Azure Roles)|Any CPU.ActiveCfg = Release|Any CPU
		{ECF7A4C4-D462-4AAB-BCDC-0BD48C8EFC6D}.Release (Azure Roles)|Any CPU.Build.0 = Release|Any CPU
		{ECF7A4C4-D462-4AAB-BCDC-0BD48C8EFC6D}.Release (Azure Roles)|x64.ActiveCfg = Release|Any CPU
		{ECF7A4C4-D462-4AAB-BCDC-0BD48C8EFC6D}.Release (Azure Website)|Any CPU.ActiveCfg = Release|Any CPU
		{ECF7A4C4-D462-4AAB-BCDC-0BD48C8EFC6D}.Release (Azure Website)|Any CPU.Build.0 = Release|Any CPU
		{ECF7A4C4-D462-4AAB-BCDC-0BD48C8EFC6D}.Release (Azure Website)|x64.ActiveCfg = Release|Any CPU
		{ECF7A4C4-D462-4AAB-BCDC-0BD48C8EFC6D}.Release (Demo Site)|Any CPU.ActiveCfg = Release|Any CPU
		{ECF7A4C4-D462-4AAB-BCDC-0BD48C8EFC6D}.Release (Demo Site)|Any CPU.Build.0 = Release|Any CPU
		{ECF7A4C4-D462-4AAB-BCDC-0BD48C8EFC6D}.Release (Demo Site)|x64.ActiveCfg = Release|Any CPU
		{ECF7A4C4-D462-4AAB-BCDC-0BD48C8EFC6D}.Release (SSL)|Any CPU.ActiveCfg = Release|Any CPU
		{ECF7A4C4-D462-4AAB-BCDC-0BD48C8EFC6D}.Release (SSL)|Any CPU.Build.0 = Release|Any CPU
		{ECF7A4C4-D462-4AAB-BCDC-0BD48C8EFC6D}.Release (SSL)|x64.ActiveCfg = Release|Any CPU
		{ECF7A4C4-D462-4AAB-BCDC-0BD48C8EFC6D}.Release|Any CPU.ActiveCfg = Release|Any CPU
		{ECF7A4C4-D462-4AAB-BCDC-0BD48C8EFC6D}.Release|Any CPU.Build.0 = Release|Any CPU
		{ECF7A4C4-D462-4AAB-BCDC-0BD48C8EFC6D}.Release|x64.ActiveCfg = Release|Any CPU
		{C566BDC9-95C2-4E28-A177-B59844531E9A}.Debug|Any CPU.ActiveCfg = Debug|Any CPU
		{C566BDC9-95C2-4E28-A177-B59844531E9A}.Debug|Any CPU.Build.0 = Debug|Any CPU
		{C566BDC9-95C2-4E28-A177-B59844531E9A}.Debug|x64.ActiveCfg = Debug|Any CPU
		{C566BDC9-95C2-4E28-A177-B59844531E9A}.Release (Azure Roles)|Any CPU.ActiveCfg = Release|Any CPU
		{C566BDC9-95C2-4E28-A177-B59844531E9A}.Release (Azure Roles)|Any CPU.Build.0 = Release|Any CPU
		{C566BDC9-95C2-4E28-A177-B59844531E9A}.Release (Azure Roles)|x64.ActiveCfg = Release|Any CPU
		{C566BDC9-95C2-4E28-A177-B59844531E9A}.Release (Azure Website)|Any CPU.ActiveCfg = Release|Any CPU
		{C566BDC9-95C2-4E28-A177-B59844531E9A}.Release (Azure Website)|Any CPU.Build.0 = Release|Any CPU
		{C566BDC9-95C2-4E28-A177-B59844531E9A}.Release (Azure Website)|x64.ActiveCfg = Release|Any CPU
		{C566BDC9-95C2-4E28-A177-B59844531E9A}.Release (Demo Site)|Any CPU.ActiveCfg = Release|Any CPU
		{C566BDC9-95C2-4E28-A177-B59844531E9A}.Release (Demo Site)|Any CPU.Build.0 = Release|Any CPU
		{C566BDC9-95C2-4E28-A177-B59844531E9A}.Release (Demo Site)|x64.ActiveCfg = Release|Any CPU
		{C566BDC9-95C2-4E28-A177-B59844531E9A}.Release (SSL)|Any CPU.ActiveCfg = Release|Any CPU
		{C566BDC9-95C2-4E28-A177-B59844531E9A}.Release (SSL)|Any CPU.Build.0 = Release|Any CPU
		{C566BDC9-95C2-4E28-A177-B59844531E9A}.Release (SSL)|x64.ActiveCfg = Release|Any CPU
		{C566BDC9-95C2-4E28-A177-B59844531E9A}.Release|Any CPU.ActiveCfg = Release|Any CPU
		{C566BDC9-95C2-4E28-A177-B59844531E9A}.Release|Any CPU.Build.0 = Release|Any CPU
		{C566BDC9-95C2-4E28-A177-B59844531E9A}.Release|x64.ActiveCfg = Release|Any CPU
		{607F6E03-4758-4218-8023-8E356903F16F}.Debug|Any CPU.ActiveCfg = Debug|Any CPU
		{607F6E03-4758-4218-8023-8E356903F16F}.Debug|Any CPU.Build.0 = Debug|Any CPU
		{607F6E03-4758-4218-8023-8E356903F16F}.Debug|x64.ActiveCfg = Debug|Any CPU
		{607F6E03-4758-4218-8023-8E356903F16F}.Release (Azure Roles)|Any CPU.ActiveCfg = Release|Any CPU
		{607F6E03-4758-4218-8023-8E356903F16F}.Release (Azure Roles)|Any CPU.Build.0 = Release|Any CPU
		{607F6E03-4758-4218-8023-8E356903F16F}.Release (Azure Roles)|x64.ActiveCfg = Release|Any CPU
		{607F6E03-4758-4218-8023-8E356903F16F}.Release (Azure Website)|Any CPU.ActiveCfg = Release|Any CPU
		{607F6E03-4758-4218-8023-8E356903F16F}.Release (Azure Website)|Any CPU.Build.0 = Release|Any CPU
		{607F6E03-4758-4218-8023-8E356903F16F}.Release (Azure Website)|x64.ActiveCfg = Release|Any CPU
		{607F6E03-4758-4218-8023-8E356903F16F}.Release (Demo Site)|Any CPU.ActiveCfg = Release|Any CPU
		{607F6E03-4758-4218-8023-8E356903F16F}.Release (Demo Site)|Any CPU.Build.0 = Release|Any CPU
		{607F6E03-4758-4218-8023-8E356903F16F}.Release (Demo Site)|x64.ActiveCfg = Release|Any CPU
		{607F6E03-4758-4218-8023-8E356903F16F}.Release (SSL)|Any CPU.ActiveCfg = Release|Any CPU
		{607F6E03-4758-4218-8023-8E356903F16F}.Release (SSL)|Any CPU.Build.0 = Release|Any CPU
		{607F6E03-4758-4218-8023-8E356903F16F}.Release (SSL)|x64.ActiveCfg = Release|Any CPU
		{607F6E03-4758-4218-8023-8E356903F16F}.Release|Any CPU.ActiveCfg = Release|Any CPU
		{607F6E03-4758-4218-8023-8E356903F16F}.Release|Any CPU.Build.0 = Release|Any CPU
		{607F6E03-4758-4218-8023-8E356903F16F}.Release|x64.ActiveCfg = Release|Any CPU
		{0CCE7EC8-20AD-4118-867D-6E8013F23B8E}.Debug|Any CPU.ActiveCfg = Debug|Any CPU
		{0CCE7EC8-20AD-4118-867D-6E8013F23B8E}.Debug|Any CPU.Build.0 = Debug|Any CPU
		{0CCE7EC8-20AD-4118-867D-6E8013F23B8E}.Debug|x64.ActiveCfg = Debug|Any CPU
		{0CCE7EC8-20AD-4118-867D-6E8013F23B8E}.Release (Azure Roles)|Any CPU.ActiveCfg = Release|Any CPU
		{0CCE7EC8-20AD-4118-867D-6E8013F23B8E}.Release (Azure Roles)|Any CPU.Build.0 = Release|Any CPU
		{0CCE7EC8-20AD-4118-867D-6E8013F23B8E}.Release (Azure Roles)|x64.ActiveCfg = Release|Any CPU
		{0CCE7EC8-20AD-4118-867D-6E8013F23B8E}.Release (Azure Website)|Any CPU.ActiveCfg = Release|Any CPU
		{0CCE7EC8-20AD-4118-867D-6E8013F23B8E}.Release (Azure Website)|Any CPU.Build.0 = Release|Any CPU
		{0CCE7EC8-20AD-4118-867D-6E8013F23B8E}.Release (Azure Website)|x64.ActiveCfg = Release|Any CPU
		{0CCE7EC8-20AD-4118-867D-6E8013F23B8E}.Release (Demo Site)|Any CPU.ActiveCfg = Release|Any CPU
		{0CCE7EC8-20AD-4118-867D-6E8013F23B8E}.Release (Demo Site)|Any CPU.Build.0 = Release|Any CPU
		{0CCE7EC8-20AD-4118-867D-6E8013F23B8E}.Release (Demo Site)|x64.ActiveCfg = Release|Any CPU
		{0CCE7EC8-20AD-4118-867D-6E8013F23B8E}.Release (SSL)|Any CPU.ActiveCfg = Release|Any CPU
		{0CCE7EC8-20AD-4118-867D-6E8013F23B8E}.Release (SSL)|Any CPU.Build.0 = Release|Any CPU
		{0CCE7EC8-20AD-4118-867D-6E8013F23B8E}.Release (SSL)|x64.ActiveCfg = Release|Any CPU
		{0CCE7EC8-20AD-4118-867D-6E8013F23B8E}.Release|Any CPU.ActiveCfg = Release|Any CPU
		{0CCE7EC8-20AD-4118-867D-6E8013F23B8E}.Release|Any CPU.Build.0 = Release|Any CPU
		{0CCE7EC8-20AD-4118-867D-6E8013F23B8E}.Release|x64.ActiveCfg = Release|Any CPU
		{7094FA62-9734-4942-9E4C-274E6A34B3A6}.Debug|Any CPU.ActiveCfg = Debug|Any CPU
		{7094FA62-9734-4942-9E4C-274E6A34B3A6}.Debug|Any CPU.Build.0 = Debug|Any CPU
		{7094FA62-9734-4942-9E4C-274E6A34B3A6}.Debug|x64.ActiveCfg = Debug|Any CPU
		{7094FA62-9734-4942-9E4C-274E6A34B3A6}.Release (Azure Roles)|Any CPU.ActiveCfg = Release|Any CPU
		{7094FA62-9734-4942-9E4C-274E6A34B3A6}.Release (Azure Roles)|Any CPU.Build.0 = Release|Any CPU
		{7094FA62-9734-4942-9E4C-274E6A34B3A6}.Release (Azure Roles)|x64.ActiveCfg = Release|Any CPU
		{7094FA62-9734-4942-9E4C-274E6A34B3A6}.Release (Azure Website)|Any CPU.ActiveCfg = Release|Any CPU
		{7094FA62-9734-4942-9E4C-274E6A34B3A6}.Release (Azure Website)|Any CPU.Build.0 = Release|Any CPU
		{7094FA62-9734-4942-9E4C-274E6A34B3A6}.Release (Azure Website)|x64.ActiveCfg = Release|Any CPU
		{7094FA62-9734-4942-9E4C-274E6A34B3A6}.Release (Demo Site)|Any CPU.ActiveCfg = Release|Any CPU
		{7094FA62-9734-4942-9E4C-274E6A34B3A6}.Release (Demo Site)|Any CPU.Build.0 = Release|Any CPU
		{7094FA62-9734-4942-9E4C-274E6A34B3A6}.Release (Demo Site)|x64.ActiveCfg = Release|Any CPU
		{7094FA62-9734-4942-9E4C-274E6A34B3A6}.Release (SSL)|Any CPU.ActiveCfg = Release|Any CPU
		{7094FA62-9734-4942-9E4C-274E6A34B3A6}.Release (SSL)|Any CPU.Build.0 = Release|Any CPU
		{7094FA62-9734-4942-9E4C-274E6A34B3A6}.Release (SSL)|x64.ActiveCfg = Release|Any CPU
		{7094FA62-9734-4942-9E4C-274E6A34B3A6}.Release|Any CPU.ActiveCfg = Release|Any CPU
		{7094FA62-9734-4942-9E4C-274E6A34B3A6}.Release|Any CPU.Build.0 = Release|Any CPU
		{7094FA62-9734-4942-9E4C-274E6A34B3A6}.Release|x64.ActiveCfg = Release|Any CPU
		{15641D35-9EEC-40DF-9E9F-DF7822EA2111}.Debug|Any CPU.ActiveCfg = Debug|Any CPU
		{15641D35-9EEC-40DF-9E9F-DF7822EA2111}.Debug|Any CPU.Build.0 = Debug|Any CPU
		{15641D35-9EEC-40DF-9E9F-DF7822EA2111}.Debug|x64.ActiveCfg = Debug|Any CPU
		{15641D35-9EEC-40DF-9E9F-DF7822EA2111}.Release (Azure Roles)|Any CPU.ActiveCfg = Release|Any CPU
		{15641D35-9EEC-40DF-9E9F-DF7822EA2111}.Release (Azure Roles)|Any CPU.Build.0 = Release|Any CPU
		{15641D35-9EEC-40DF-9E9F-DF7822EA2111}.Release (Azure Roles)|x64.ActiveCfg = Release|Any CPU
		{15641D35-9EEC-40DF-9E9F-DF7822EA2111}.Release (Azure Website)|Any CPU.ActiveCfg = Release|Any CPU
		{15641D35-9EEC-40DF-9E9F-DF7822EA2111}.Release (Azure Website)|Any CPU.Build.0 = Release|Any CPU
		{15641D35-9EEC-40DF-9E9F-DF7822EA2111}.Release (Azure Website)|x64.ActiveCfg = Release|Any CPU
		{15641D35-9EEC-40DF-9E9F-DF7822EA2111}.Release (Demo Site)|Any CPU.ActiveCfg = Release|Any CPU
		{15641D35-9EEC-40DF-9E9F-DF7822EA2111}.Release (Demo Site)|Any CPU.Build.0 = Release|Any CPU
		{15641D35-9EEC-40DF-9E9F-DF7822EA2111}.Release (Demo Site)|x64.ActiveCfg = Release|Any CPU
		{15641D35-9EEC-40DF-9E9F-DF7822EA2111}.Release (SSL)|Any CPU.ActiveCfg = Release|Any CPU
		{15641D35-9EEC-40DF-9E9F-DF7822EA2111}.Release (SSL)|Any CPU.Build.0 = Release|Any CPU
		{15641D35-9EEC-40DF-9E9F-DF7822EA2111}.Release (SSL)|x64.ActiveCfg = Release|Any CPU
		{15641D35-9EEC-40DF-9E9F-DF7822EA2111}.Release|Any CPU.ActiveCfg = Release|Any CPU
		{15641D35-9EEC-40DF-9E9F-DF7822EA2111}.Release|Any CPU.Build.0 = Release|Any CPU
		{15641D35-9EEC-40DF-9E9F-DF7822EA2111}.Release|x64.ActiveCfg = Release|Any CPU
		{4750717B-031C-44ED-B6A8-9FBD2F208D53}.Debug|Any CPU.ActiveCfg = Debug|Any CPU
		{4750717B-031C-44ED-B6A8-9FBD2F208D53}.Debug|Any CPU.Build.0 = Debug|Any CPU
		{4750717B-031C-44ED-B6A8-9FBD2F208D53}.Debug|x64.ActiveCfg = Debug|Any CPU
		{4750717B-031C-44ED-B6A8-9FBD2F208D53}.Release (Azure Roles)|Any CPU.ActiveCfg = Release|Any CPU
		{4750717B-031C-44ED-B6A8-9FBD2F208D53}.Release (Azure Roles)|Any CPU.Build.0 = Release|Any CPU
		{4750717B-031C-44ED-B6A8-9FBD2F208D53}.Release (Azure Roles)|x64.ActiveCfg = Release|Any CPU
		{4750717B-031C-44ED-B6A8-9FBD2F208D53}.Release (Azure Website)|Any CPU.ActiveCfg = Release|Any CPU
		{4750717B-031C-44ED-B6A8-9FBD2F208D53}.Release (Azure Website)|Any CPU.Build.0 = Release|Any CPU
		{4750717B-031C-44ED-B6A8-9FBD2F208D53}.Release (Azure Website)|x64.ActiveCfg = Release|Any CPU
		{4750717B-031C-44ED-B6A8-9FBD2F208D53}.Release (Demo Site)|Any CPU.ActiveCfg = Release|Any CPU
		{4750717B-031C-44ED-B6A8-9FBD2F208D53}.Release (Demo Site)|Any CPU.Build.0 = Release|Any CPU
		{4750717B-031C-44ED-B6A8-9FBD2F208D53}.Release (Demo Site)|x64.ActiveCfg = Release|Any CPU
		{4750717B-031C-44ED-B6A8-9FBD2F208D53}.Release (SSL)|Any CPU.ActiveCfg = Release|Any CPU
		{4750717B-031C-44ED-B6A8-9FBD2F208D53}.Release (SSL)|Any CPU.Build.0 = Release|Any CPU
		{4750717B-031C-44ED-B6A8-9FBD2F208D53}.Release (SSL)|x64.ActiveCfg = Release|Any CPU
		{4750717B-031C-44ED-B6A8-9FBD2F208D53}.Release|Any CPU.ActiveCfg = Release|Any CPU
		{4750717B-031C-44ED-B6A8-9FBD2F208D53}.Release|Any CPU.Build.0 = Release|Any CPU
		{4750717B-031C-44ED-B6A8-9FBD2F208D53}.Release|x64.ActiveCfg = Release|Any CPU
		{791EFA9A-E00C-4CD5-855A-99180B8F73F2}.Debug|Any CPU.ActiveCfg = Debug|Any CPU
		{791EFA9A-E00C-4CD5-855A-99180B8F73F2}.Debug|Any CPU.Build.0 = Debug|Any CPU
		{791EFA9A-E00C-4CD5-855A-99180B8F73F2}.Debug|x64.ActiveCfg = Debug|Any CPU
		{791EFA9A-E00C-4CD5-855A-99180B8F73F2}.Release (Azure Roles)|Any CPU.ActiveCfg = Release|Any CPU
		{791EFA9A-E00C-4CD5-855A-99180B8F73F2}.Release (Azure Roles)|Any CPU.Build.0 = Release|Any CPU
		{791EFA9A-E00C-4CD5-855A-99180B8F73F2}.Release (Azure Roles)|x64.ActiveCfg = Release|Any CPU
		{791EFA9A-E00C-4CD5-855A-99180B8F73F2}.Release (Azure Website)|Any CPU.ActiveCfg = Release|Any CPU
		{791EFA9A-E00C-4CD5-855A-99180B8F73F2}.Release (Azure Website)|Any CPU.Build.0 = Release|Any CPU
		{791EFA9A-E00C-4CD5-855A-99180B8F73F2}.Release (Azure Website)|x64.ActiveCfg = Release|Any CPU
		{791EFA9A-E00C-4CD5-855A-99180B8F73F2}.Release (Demo Site)|Any CPU.ActiveCfg = Release|Any CPU
		{791EFA9A-E00C-4CD5-855A-99180B8F73F2}.Release (Demo Site)|Any CPU.Build.0 = Release|Any CPU
		{791EFA9A-E00C-4CD5-855A-99180B8F73F2}.Release (Demo Site)|x64.ActiveCfg = Release|Any CPU
		{791EFA9A-E00C-4CD5-855A-99180B8F73F2}.Release (SSL)|Any CPU.ActiveCfg = Release|Any CPU
		{791EFA9A-E00C-4CD5-855A-99180B8F73F2}.Release (SSL)|Any CPU.Build.0 = Release|Any CPU
		{791EFA9A-E00C-4CD5-855A-99180B8F73F2}.Release (SSL)|x64.ActiveCfg = Release|Any CPU
		{791EFA9A-E00C-4CD5-855A-99180B8F73F2}.Release|Any CPU.ActiveCfg = Release|Any CPU
		{791EFA9A-E00C-4CD5-855A-99180B8F73F2}.Release|Any CPU.Build.0 = Release|Any CPU
		{791EFA9A-E00C-4CD5-855A-99180B8F73F2}.Release|x64.ActiveCfg = Release|Any CPU
		{CE06063A-6EB8-47F5-8190-CD6BB03CF161}.Debug|Any CPU.ActiveCfg = Debug|Any CPU
		{CE06063A-6EB8-47F5-8190-CD6BB03CF161}.Debug|Any CPU.Build.0 = Debug|Any CPU
		{CE06063A-6EB8-47F5-8190-CD6BB03CF161}.Debug|x64.ActiveCfg = Debug|Any CPU
		{CE06063A-6EB8-47F5-8190-CD6BB03CF161}.Release (Azure Roles)|Any CPU.ActiveCfg = Release|Any CPU
		{CE06063A-6EB8-47F5-8190-CD6BB03CF161}.Release (Azure Roles)|Any CPU.Build.0 = Release|Any CPU
		{CE06063A-6EB8-47F5-8190-CD6BB03CF161}.Release (Azure Roles)|x64.ActiveCfg = Release|Any CPU
		{CE06063A-6EB8-47F5-8190-CD6BB03CF161}.Release (Azure Website)|Any CPU.ActiveCfg = Release|Any CPU
		{CE06063A-6EB8-47F5-8190-CD6BB03CF161}.Release (Azure Website)|Any CPU.Build.0 = Release|Any CPU
		{CE06063A-6EB8-47F5-8190-CD6BB03CF161}.Release (Azure Website)|x64.ActiveCfg = Release|Any CPU
		{CE06063A-6EB8-47F5-8190-CD6BB03CF161}.Release (Demo Site)|Any CPU.ActiveCfg = Release|Any CPU
		{CE06063A-6EB8-47F5-8190-CD6BB03CF161}.Release (Demo Site)|Any CPU.Build.0 = Release|Any CPU
		{CE06063A-6EB8-47F5-8190-CD6BB03CF161}.Release (Demo Site)|x64.ActiveCfg = Release|Any CPU
		{CE06063A-6EB8-47F5-8190-CD6BB03CF161}.Release (SSL)|Any CPU.ActiveCfg = Release|Any CPU
		{CE06063A-6EB8-47F5-8190-CD6BB03CF161}.Release (SSL)|Any CPU.Build.0 = Release|Any CPU
		{CE06063A-6EB8-47F5-8190-CD6BB03CF161}.Release (SSL)|x64.ActiveCfg = Release|Any CPU
		{CE06063A-6EB8-47F5-8190-CD6BB03CF161}.Release|Any CPU.ActiveCfg = Release|Any CPU
		{CE06063A-6EB8-47F5-8190-CD6BB03CF161}.Release|Any CPU.Build.0 = Release|Any CPU
		{CE06063A-6EB8-47F5-8190-CD6BB03CF161}.Release|x64.ActiveCfg = Release|Any CPU
		{FCCA8A84-05CE-4127-8DD5-1936305182D0}.Debug|Any CPU.ActiveCfg = Debug|Any CPU
		{FCCA8A84-05CE-4127-8DD5-1936305182D0}.Debug|Any CPU.Build.0 = Debug|Any CPU
		{FCCA8A84-05CE-4127-8DD5-1936305182D0}.Debug|x64.ActiveCfg = Debug|Any CPU
		{FCCA8A84-05CE-4127-8DD5-1936305182D0}.Release (Azure Roles)|Any CPU.ActiveCfg = Release|Any CPU
		{FCCA8A84-05CE-4127-8DD5-1936305182D0}.Release (Azure Roles)|Any CPU.Build.0 = Release|Any CPU
		{FCCA8A84-05CE-4127-8DD5-1936305182D0}.Release (Azure Roles)|x64.ActiveCfg = Release|Any CPU
		{FCCA8A84-05CE-4127-8DD5-1936305182D0}.Release (Azure Website)|Any CPU.ActiveCfg = Release|Any CPU
		{FCCA8A84-05CE-4127-8DD5-1936305182D0}.Release (Azure Website)|Any CPU.Build.0 = Release|Any CPU
		{FCCA8A84-05CE-4127-8DD5-1936305182D0}.Release (Azure Website)|x64.ActiveCfg = Release|Any CPU
		{FCCA8A84-05CE-4127-8DD5-1936305182D0}.Release (Demo Site)|Any CPU.ActiveCfg = Release|Any CPU
		{FCCA8A84-05CE-4127-8DD5-1936305182D0}.Release (Demo Site)|Any CPU.Build.0 = Release|Any CPU
		{FCCA8A84-05CE-4127-8DD5-1936305182D0}.Release (Demo Site)|x64.ActiveCfg = Release|Any CPU
		{FCCA8A84-05CE-4127-8DD5-1936305182D0}.Release (SSL)|Any CPU.ActiveCfg = Release|Any CPU
		{FCCA8A84-05CE-4127-8DD5-1936305182D0}.Release (SSL)|Any CPU.Build.0 = Release|Any CPU
		{FCCA8A84-05CE-4127-8DD5-1936305182D0}.Release (SSL)|x64.ActiveCfg = Release|Any CPU
		{FCCA8A84-05CE-4127-8DD5-1936305182D0}.Release|Any CPU.ActiveCfg = Release|Any CPU
		{FCCA8A84-05CE-4127-8DD5-1936305182D0}.Release|Any CPU.Build.0 = Release|Any CPU
		{FCCA8A84-05CE-4127-8DD5-1936305182D0}.Release|x64.ActiveCfg = Release|Any CPU
		{DF2308C8-852A-4EB8-8560-DD2F8522EB9D}.Debug|Any CPU.ActiveCfg = Debug|Any CPU
		{DF2308C8-852A-4EB8-8560-DD2F8522EB9D}.Debug|Any CPU.Build.0 = Debug|Any CPU
		{DF2308C8-852A-4EB8-8560-DD2F8522EB9D}.Debug|x64.ActiveCfg = Debug|Any CPU
		{DF2308C8-852A-4EB8-8560-DD2F8522EB9D}.Release (Azure Roles)|Any CPU.ActiveCfg = Release|Any CPU
		{DF2308C8-852A-4EB8-8560-DD2F8522EB9D}.Release (Azure Roles)|Any CPU.Build.0 = Release|Any CPU
		{DF2308C8-852A-4EB8-8560-DD2F8522EB9D}.Release (Azure Roles)|x64.ActiveCfg = Release|Any CPU
		{DF2308C8-852A-4EB8-8560-DD2F8522EB9D}.Release (Azure Website)|Any CPU.ActiveCfg = Release|Any CPU
		{DF2308C8-852A-4EB8-8560-DD2F8522EB9D}.Release (Azure Website)|Any CPU.Build.0 = Release|Any CPU
		{DF2308C8-852A-4EB8-8560-DD2F8522EB9D}.Release (Azure Website)|x64.ActiveCfg = Release|Any CPU
		{DF2308C8-852A-4EB8-8560-DD2F8522EB9D}.Release (Demo Site)|Any CPU.ActiveCfg = Release|Any CPU
		{DF2308C8-852A-4EB8-8560-DD2F8522EB9D}.Release (Demo Site)|Any CPU.Build.0 = Release|Any CPU
		{DF2308C8-852A-4EB8-8560-DD2F8522EB9D}.Release (Demo Site)|x64.ActiveCfg = Release|Any CPU
		{DF2308C8-852A-4EB8-8560-DD2F8522EB9D}.Release (SSL)|Any CPU.ActiveCfg = Release|Any CPU
		{DF2308C8-852A-4EB8-8560-DD2F8522EB9D}.Release (SSL)|Any CPU.Build.0 = Release|Any CPU
		{DF2308C8-852A-4EB8-8560-DD2F8522EB9D}.Release (SSL)|x64.ActiveCfg = Release|Any CPU
		{DF2308C8-852A-4EB8-8560-DD2F8522EB9D}.Release|Any CPU.ActiveCfg = Release|Any CPU
		{DF2308C8-852A-4EB8-8560-DD2F8522EB9D}.Release|Any CPU.Build.0 = Release|Any CPU
		{DF2308C8-852A-4EB8-8560-DD2F8522EB9D}.Release|x64.ActiveCfg = Release|Any CPU
		{C63ABB5D-B30D-4204-A2A8-B7FD0B3228AD}.Debug|Any CPU.ActiveCfg = Debug|Any CPU
		{C63ABB5D-B30D-4204-A2A8-B7FD0B3228AD}.Debug|Any CPU.Build.0 = Debug|Any CPU
		{C63ABB5D-B30D-4204-A2A8-B7FD0B3228AD}.Debug|x64.ActiveCfg = Debug|Any CPU
		{C63ABB5D-B30D-4204-A2A8-B7FD0B3228AD}.Release (Azure Roles)|Any CPU.ActiveCfg = Release|Any CPU
		{C63ABB5D-B30D-4204-A2A8-B7FD0B3228AD}.Release (Azure Roles)|Any CPU.Build.0 = Release|Any CPU
		{C63ABB5D-B30D-4204-A2A8-B7FD0B3228AD}.Release (Azure Roles)|x64.ActiveCfg = Release|Any CPU
		{C63ABB5D-B30D-4204-A2A8-B7FD0B3228AD}.Release (Azure Website)|Any CPU.ActiveCfg = Release|Any CPU
		{C63ABB5D-B30D-4204-A2A8-B7FD0B3228AD}.Release (Azure Website)|Any CPU.Build.0 = Release|Any CPU
		{C63ABB5D-B30D-4204-A2A8-B7FD0B3228AD}.Release (Azure Website)|x64.ActiveCfg = Release|Any CPU
		{C63ABB5D-B30D-4204-A2A8-B7FD0B3228AD}.Release (Demo Site)|Any CPU.ActiveCfg = Release|Any CPU
		{C63ABB5D-B30D-4204-A2A8-B7FD0B3228AD}.Release (Demo Site)|Any CPU.Build.0 = Release|Any CPU
		{C63ABB5D-B30D-4204-A2A8-B7FD0B3228AD}.Release (Demo Site)|x64.ActiveCfg = Release|Any CPU
		{C63ABB5D-B30D-4204-A2A8-B7FD0B3228AD}.Release (SSL)|Any CPU.ActiveCfg = Release|Any CPU
		{C63ABB5D-B30D-4204-A2A8-B7FD0B3228AD}.Release (SSL)|Any CPU.Build.0 = Release|Any CPU
		{C63ABB5D-B30D-4204-A2A8-B7FD0B3228AD}.Release (SSL)|x64.ActiveCfg = Release|Any CPU
		{C63ABB5D-B30D-4204-A2A8-B7FD0B3228AD}.Release|Any CPU.ActiveCfg = Release|Any CPU
		{C63ABB5D-B30D-4204-A2A8-B7FD0B3228AD}.Release|Any CPU.Build.0 = Release|Any CPU
		{C63ABB5D-B30D-4204-A2A8-B7FD0B3228AD}.Release|x64.ActiveCfg = Release|Any CPU
		{9118F7BB-8D92-48B2-A2CA-3564B6C48852}.Debug|Any CPU.ActiveCfg = Debug|Any CPU
		{9118F7BB-8D92-48B2-A2CA-3564B6C48852}.Debug|Any CPU.Build.0 = Debug|Any CPU
		{9118F7BB-8D92-48B2-A2CA-3564B6C48852}.Debug|x64.ActiveCfg = Debug|Any CPU
		{9118F7BB-8D92-48B2-A2CA-3564B6C48852}.Release (Azure Roles)|Any CPU.ActiveCfg = Release|Any CPU
		{9118F7BB-8D92-48B2-A2CA-3564B6C48852}.Release (Azure Roles)|Any CPU.Build.0 = Release|Any CPU
		{9118F7BB-8D92-48B2-A2CA-3564B6C48852}.Release (Azure Roles)|x64.ActiveCfg = Release|Any CPU
		{9118F7BB-8D92-48B2-A2CA-3564B6C48852}.Release (Azure Website)|Any CPU.ActiveCfg = Release|Any CPU
		{9118F7BB-8D92-48B2-A2CA-3564B6C48852}.Release (Azure Website)|Any CPU.Build.0 = Release|Any CPU
		{9118F7BB-8D92-48B2-A2CA-3564B6C48852}.Release (Azure Website)|x64.ActiveCfg = Release|Any CPU
		{9118F7BB-8D92-48B2-A2CA-3564B6C48852}.Release (Demo Site)|Any CPU.ActiveCfg = Release|Any CPU
		{9118F7BB-8D92-48B2-A2CA-3564B6C48852}.Release (Demo Site)|Any CPU.Build.0 = Release|Any CPU
		{9118F7BB-8D92-48B2-A2CA-3564B6C48852}.Release (Demo Site)|x64.ActiveCfg = Release|Any CPU
		{9118F7BB-8D92-48B2-A2CA-3564B6C48852}.Release (SSL)|Any CPU.ActiveCfg = Release|Any CPU
		{9118F7BB-8D92-48B2-A2CA-3564B6C48852}.Release (SSL)|Any CPU.Build.0 = Release|Any CPU
		{9118F7BB-8D92-48B2-A2CA-3564B6C48852}.Release (SSL)|x64.ActiveCfg = Release|Any CPU
		{9118F7BB-8D92-48B2-A2CA-3564B6C48852}.Release|Any CPU.ActiveCfg = Release|Any CPU
		{9118F7BB-8D92-48B2-A2CA-3564B6C48852}.Release|Any CPU.Build.0 = Release|Any CPU
		{9118F7BB-8D92-48B2-A2CA-3564B6C48852}.Release|x64.ActiveCfg = Release|Any CPU
		{7654256F-1C34-4243-A9F4-AEA1C9420476}.Debug|Any CPU.ActiveCfg = Debug|Any CPU
		{7654256F-1C34-4243-A9F4-AEA1C9420476}.Debug|Any CPU.Build.0 = Debug|Any CPU
		{7654256F-1C34-4243-A9F4-AEA1C9420476}.Debug|x64.ActiveCfg = Debug|Any CPU
		{7654256F-1C34-4243-A9F4-AEA1C9420476}.Release (Azure Roles)|Any CPU.ActiveCfg = Release|Any CPU
		{7654256F-1C34-4243-A9F4-AEA1C9420476}.Release (Azure Roles)|Any CPU.Build.0 = Release|Any CPU
		{7654256F-1C34-4243-A9F4-AEA1C9420476}.Release (Azure Roles)|x64.ActiveCfg = Release|Any CPU
		{7654256F-1C34-4243-A9F4-AEA1C9420476}.Release (Azure Website)|Any CPU.ActiveCfg = Release|Any CPU
		{7654256F-1C34-4243-A9F4-AEA1C9420476}.Release (Azure Website)|Any CPU.Build.0 = Release|Any CPU
		{7654256F-1C34-4243-A9F4-AEA1C9420476}.Release (Azure Website)|x64.ActiveCfg = Release|Any CPU
		{7654256F-1C34-4243-A9F4-AEA1C9420476}.Release (Demo Site)|Any CPU.ActiveCfg = Release|Any CPU
		{7654256F-1C34-4243-A9F4-AEA1C9420476}.Release (Demo Site)|Any CPU.Build.0 = Release|Any CPU
		{7654256F-1C34-4243-A9F4-AEA1C9420476}.Release (Demo Site)|x64.ActiveCfg = Release|Any CPU
		{7654256F-1C34-4243-A9F4-AEA1C9420476}.Release (SSL)|Any CPU.ActiveCfg = Release|Any CPU
		{7654256F-1C34-4243-A9F4-AEA1C9420476}.Release (SSL)|Any CPU.Build.0 = Release|Any CPU
		{7654256F-1C34-4243-A9F4-AEA1C9420476}.Release (SSL)|x64.ActiveCfg = Release|Any CPU
		{7654256F-1C34-4243-A9F4-AEA1C9420476}.Release|Any CPU.ActiveCfg = Release|Any CPU
		{7654256F-1C34-4243-A9F4-AEA1C9420476}.Release|Any CPU.Build.0 = Release|Any CPU
		{7654256F-1C34-4243-A9F4-AEA1C9420476}.Release|x64.ActiveCfg = Release|Any CPU
		{56AB103B-9B17-4CE1-A383-5E2305FBC5C7}.Debug|Any CPU.ActiveCfg = Debug|Any CPU
		{56AB103B-9B17-4CE1-A383-5E2305FBC5C7}.Debug|Any CPU.Build.0 = Debug|Any CPU
		{56AB103B-9B17-4CE1-A383-5E2305FBC5C7}.Debug|x64.ActiveCfg = Debug|Any CPU
		{56AB103B-9B17-4CE1-A383-5E2305FBC5C7}.Release (Azure Roles)|Any CPU.ActiveCfg = Release|Any CPU
		{56AB103B-9B17-4CE1-A383-5E2305FBC5C7}.Release (Azure Roles)|Any CPU.Build.0 = Release|Any CPU
		{56AB103B-9B17-4CE1-A383-5E2305FBC5C7}.Release (Azure Roles)|x64.ActiveCfg = Release|Any CPU
		{56AB103B-9B17-4CE1-A383-5E2305FBC5C7}.Release (Azure Website)|Any CPU.ActiveCfg = Release|Any CPU
		{56AB103B-9B17-4CE1-A383-5E2305FBC5C7}.Release (Azure Website)|Any CPU.Build.0 = Release|Any CPU
		{56AB103B-9B17-4CE1-A383-5E2305FBC5C7}.Release (Azure Website)|x64.ActiveCfg = Release|Any CPU
		{56AB103B-9B17-4CE1-A383-5E2305FBC5C7}.Release (Demo Site)|Any CPU.ActiveCfg = Release|Any CPU
		{56AB103B-9B17-4CE1-A383-5E2305FBC5C7}.Release (Demo Site)|Any CPU.Build.0 = Release|Any CPU
		{56AB103B-9B17-4CE1-A383-5E2305FBC5C7}.Release (Demo Site)|x64.ActiveCfg = Release|Any CPU
		{56AB103B-9B17-4CE1-A383-5E2305FBC5C7}.Release (SSL)|Any CPU.ActiveCfg = Release|Any CPU
		{56AB103B-9B17-4CE1-A383-5E2305FBC5C7}.Release (SSL)|Any CPU.Build.0 = Release|Any CPU
		{56AB103B-9B17-4CE1-A383-5E2305FBC5C7}.Release (SSL)|x64.ActiveCfg = Release|Any CPU
		{56AB103B-9B17-4CE1-A383-5E2305FBC5C7}.Release|Any CPU.ActiveCfg = Release|Any CPU
		{56AB103B-9B17-4CE1-A383-5E2305FBC5C7}.Release|Any CPU.Build.0 = Release|Any CPU
		{56AB103B-9B17-4CE1-A383-5E2305FBC5C7}.Release|x64.ActiveCfg = Release|Any CPU
		{29B26E7A-F6A8-480B-9942-C8640CED5DDC}.Debug|Any CPU.ActiveCfg = Debug|Any CPU
		{29B26E7A-F6A8-480B-9942-C8640CED5DDC}.Debug|Any CPU.Build.0 = Debug|Any CPU
		{29B26E7A-F6A8-480B-9942-C8640CED5DDC}.Debug|x64.ActiveCfg = Debug|Any CPU
		{29B26E7A-F6A8-480B-9942-C8640CED5DDC}.Release (Azure Roles)|Any CPU.ActiveCfg = Release|Any CPU
		{29B26E7A-F6A8-480B-9942-C8640CED5DDC}.Release (Azure Roles)|Any CPU.Build.0 = Release|Any CPU
		{29B26E7A-F6A8-480B-9942-C8640CED5DDC}.Release (Azure Roles)|x64.ActiveCfg = Release|Any CPU
		{29B26E7A-F6A8-480B-9942-C8640CED5DDC}.Release (Azure Website)|Any CPU.ActiveCfg = Release|Any CPU
		{29B26E7A-F6A8-480B-9942-C8640CED5DDC}.Release (Azure Website)|Any CPU.Build.0 = Release|Any CPU
		{29B26E7A-F6A8-480B-9942-C8640CED5DDC}.Release (Azure Website)|x64.ActiveCfg = Release|Any CPU
		{29B26E7A-F6A8-480B-9942-C8640CED5DDC}.Release (Demo Site)|Any CPU.ActiveCfg = Release|Any CPU
		{29B26E7A-F6A8-480B-9942-C8640CED5DDC}.Release (Demo Site)|Any CPU.Build.0 = Release|Any CPU
		{29B26E7A-F6A8-480B-9942-C8640CED5DDC}.Release (Demo Site)|x64.ActiveCfg = Release|Any CPU
		{29B26E7A-F6A8-480B-9942-C8640CED5DDC}.Release (SSL)|Any CPU.ActiveCfg = Release|Any CPU
		{29B26E7A-F6A8-480B-9942-C8640CED5DDC}.Release (SSL)|Any CPU.Build.0 = Release|Any CPU
		{29B26E7A-F6A8-480B-9942-C8640CED5DDC}.Release (SSL)|x64.ActiveCfg = Release|Any CPU
		{29B26E7A-F6A8-480B-9942-C8640CED5DDC}.Release|Any CPU.ActiveCfg = Release|Any CPU
		{29B26E7A-F6A8-480B-9942-C8640CED5DDC}.Release|Any CPU.Build.0 = Release|Any CPU
		{29B26E7A-F6A8-480B-9942-C8640CED5DDC}.Release|x64.ActiveCfg = Release|Any CPU
		{1687FF94-C00F-483A-93EB-EB3D07EA7F59}.Debug|Any CPU.ActiveCfg = Debug|Any CPU
		{1687FF94-C00F-483A-93EB-EB3D07EA7F59}.Debug|Any CPU.Build.0 = Debug|Any CPU
		{1687FF94-C00F-483A-93EB-EB3D07EA7F59}.Debug|x64.ActiveCfg = Debug|Any CPU
		{1687FF94-C00F-483A-93EB-EB3D07EA7F59}.Release (Azure Roles)|Any CPU.ActiveCfg = Release|Any CPU
		{1687FF94-C00F-483A-93EB-EB3D07EA7F59}.Release (Azure Roles)|Any CPU.Build.0 = Release|Any CPU
		{1687FF94-C00F-483A-93EB-EB3D07EA7F59}.Release (Azure Roles)|x64.ActiveCfg = Release|Any CPU
		{1687FF94-C00F-483A-93EB-EB3D07EA7F59}.Release (Azure Website)|Any CPU.ActiveCfg = Release|Any CPU
		{1687FF94-C00F-483A-93EB-EB3D07EA7F59}.Release (Azure Website)|Any CPU.Build.0 = Release|Any CPU
		{1687FF94-C00F-483A-93EB-EB3D07EA7F59}.Release (Azure Website)|x64.ActiveCfg = Release|Any CPU
		{1687FF94-C00F-483A-93EB-EB3D07EA7F59}.Release (Demo Site)|Any CPU.ActiveCfg = Release|Any CPU
		{1687FF94-C00F-483A-93EB-EB3D07EA7F59}.Release (Demo Site)|Any CPU.Build.0 = Release|Any CPU
		{1687FF94-C00F-483A-93EB-EB3D07EA7F59}.Release (Demo Site)|x64.ActiveCfg = Release|Any CPU
		{1687FF94-C00F-483A-93EB-EB3D07EA7F59}.Release (SSL)|Any CPU.ActiveCfg = Release|Any CPU
		{1687FF94-C00F-483A-93EB-EB3D07EA7F59}.Release (SSL)|Any CPU.Build.0 = Release|Any CPU
		{1687FF94-C00F-483A-93EB-EB3D07EA7F59}.Release (SSL)|x64.ActiveCfg = Release|Any CPU
		{1687FF94-C00F-483A-93EB-EB3D07EA7F59}.Release|Any CPU.ActiveCfg = Release|Any CPU
		{1687FF94-C00F-483A-93EB-EB3D07EA7F59}.Release|Any CPU.Build.0 = Release|Any CPU
		{1687FF94-C00F-483A-93EB-EB3D07EA7F59}.Release|x64.ActiveCfg = Release|Any CPU
		{98F527E2-D28A-4687-81E6-CF796E9A1013}.Debug|Any CPU.ActiveCfg = Debug|Any CPU
		{98F527E2-D28A-4687-81E6-CF796E9A1013}.Debug|Any CPU.Build.0 = Debug|Any CPU
		{98F527E2-D28A-4687-81E6-CF796E9A1013}.Debug|x64.ActiveCfg = Debug|Any CPU
		{98F527E2-D28A-4687-81E6-CF796E9A1013}.Release (Azure Roles)|Any CPU.ActiveCfg = Release|Any CPU
		{98F527E2-D28A-4687-81E6-CF796E9A1013}.Release (Azure Roles)|Any CPU.Build.0 = Release|Any CPU
		{98F527E2-D28A-4687-81E6-CF796E9A1013}.Release (Azure Roles)|x64.ActiveCfg = Release|Any CPU
		{98F527E2-D28A-4687-81E6-CF796E9A1013}.Release (Azure Website)|Any CPU.ActiveCfg = Release|Any CPU
		{98F527E2-D28A-4687-81E6-CF796E9A1013}.Release (Azure Website)|Any CPU.Build.0 = Release|Any CPU
		{98F527E2-D28A-4687-81E6-CF796E9A1013}.Release (Azure Website)|x64.ActiveCfg = Release|Any CPU
		{98F527E2-D28A-4687-81E6-CF796E9A1013}.Release (Demo Site)|Any CPU.ActiveCfg = Release|Any CPU
		{98F527E2-D28A-4687-81E6-CF796E9A1013}.Release (Demo Site)|Any CPU.Build.0 = Release|Any CPU
		{98F527E2-D28A-4687-81E6-CF796E9A1013}.Release (Demo Site)|x64.ActiveCfg = Release|Any CPU
		{98F527E2-D28A-4687-81E6-CF796E9A1013}.Release (SSL)|Any CPU.ActiveCfg = Release|Any CPU
		{98F527E2-D28A-4687-81E6-CF796E9A1013}.Release (SSL)|Any CPU.Build.0 = Release|Any CPU
		{98F527E2-D28A-4687-81E6-CF796E9A1013}.Release (SSL)|x64.ActiveCfg = Release|Any CPU
		{98F527E2-D28A-4687-81E6-CF796E9A1013}.Release|Any CPU.ActiveCfg = Release|Any CPU
		{98F527E2-D28A-4687-81E6-CF796E9A1013}.Release|Any CPU.Build.0 = Release|Any CPU
		{98F527E2-D28A-4687-81E6-CF796E9A1013}.Release|x64.ActiveCfg = Release|Any CPU
		{9161211F-2A16-47B2-8D66-B5259D3B71BD}.Debug|Any CPU.ActiveCfg = Debug|Any CPU
		{9161211F-2A16-47B2-8D66-B5259D3B71BD}.Debug|Any CPU.Build.0 = Debug|Any CPU
		{9161211F-2A16-47B2-8D66-B5259D3B71BD}.Debug|x64.ActiveCfg = Debug|Any CPU
		{9161211F-2A16-47B2-8D66-B5259D3B71BD}.Release (Azure Roles)|Any CPU.ActiveCfg = Release|Any CPU
		{9161211F-2A16-47B2-8D66-B5259D3B71BD}.Release (Azure Roles)|Any CPU.Build.0 = Release|Any CPU
		{9161211F-2A16-47B2-8D66-B5259D3B71BD}.Release (Azure Roles)|x64.ActiveCfg = Release|Any CPU
		{9161211F-2A16-47B2-8D66-B5259D3B71BD}.Release (Azure Website)|Any CPU.ActiveCfg = Release|Any CPU
		{9161211F-2A16-47B2-8D66-B5259D3B71BD}.Release (Azure Website)|Any CPU.Build.0 = Release|Any CPU
		{9161211F-2A16-47B2-8D66-B5259D3B71BD}.Release (Azure Website)|x64.ActiveCfg = Release|Any CPU
		{9161211F-2A16-47B2-8D66-B5259D3B71BD}.Release (Demo Site)|Any CPU.ActiveCfg = Release|Any CPU
		{9161211F-2A16-47B2-8D66-B5259D3B71BD}.Release (Demo Site)|Any CPU.Build.0 = Release|Any CPU
		{9161211F-2A16-47B2-8D66-B5259D3B71BD}.Release (Demo Site)|x64.ActiveCfg = Release|Any CPU
		{9161211F-2A16-47B2-8D66-B5259D3B71BD}.Release (SSL)|Any CPU.ActiveCfg = Release|Any CPU
		{9161211F-2A16-47B2-8D66-B5259D3B71BD}.Release (SSL)|Any CPU.Build.0 = Release|Any CPU
		{9161211F-2A16-47B2-8D66-B5259D3B71BD}.Release (SSL)|x64.ActiveCfg = Release|Any CPU
		{9161211F-2A16-47B2-8D66-B5259D3B71BD}.Release|Any CPU.ActiveCfg = Release|Any CPU
		{9161211F-2A16-47B2-8D66-B5259D3B71BD}.Release|Any CPU.Build.0 = Release|Any CPU
		{9161211F-2A16-47B2-8D66-B5259D3B71BD}.Release|x64.ActiveCfg = Release|Any CPU
		{A613E407-503E-46BE-B423-4DCF8D565025}.Debug|Any CPU.ActiveCfg = Debug|Any CPU
		{A613E407-503E-46BE-B423-4DCF8D565025}.Debug|Any CPU.Build.0 = Debug|Any CPU
		{A613E407-503E-46BE-B423-4DCF8D565025}.Debug|x64.ActiveCfg = Debug|Any CPU
		{A613E407-503E-46BE-B423-4DCF8D565025}.Release (Azure Roles)|Any CPU.ActiveCfg = Release|Any CPU
		{A613E407-503E-46BE-B423-4DCF8D565025}.Release (Azure Roles)|Any CPU.Build.0 = Release|Any CPU
		{A613E407-503E-46BE-B423-4DCF8D565025}.Release (Azure Roles)|x64.ActiveCfg = Release|Any CPU
		{A613E407-503E-46BE-B423-4DCF8D565025}.Release (Azure Website)|Any CPU.ActiveCfg = Release|Any CPU
		{A613E407-503E-46BE-B423-4DCF8D565025}.Release (Azure Website)|Any CPU.Build.0 = Release|Any CPU
		{A613E407-503E-46BE-B423-4DCF8D565025}.Release (Azure Website)|x64.ActiveCfg = Release|Any CPU
		{A613E407-503E-46BE-B423-4DCF8D565025}.Release (Demo Site)|Any CPU.ActiveCfg = Release|Any CPU
		{A613E407-503E-46BE-B423-4DCF8D565025}.Release (Demo Site)|Any CPU.Build.0 = Release|Any CPU
		{A613E407-503E-46BE-B423-4DCF8D565025}.Release (Demo Site)|x64.ActiveCfg = Release|Any CPU
		{A613E407-503E-46BE-B423-4DCF8D565025}.Release (SSL)|Any CPU.ActiveCfg = Release|Any CPU
		{A613E407-503E-46BE-B423-4DCF8D565025}.Release (SSL)|Any CPU.Build.0 = Release|Any CPU
		{A613E407-503E-46BE-B423-4DCF8D565025}.Release (SSL)|x64.ActiveCfg = Release|Any CPU
		{A613E407-503E-46BE-B423-4DCF8D565025}.Release|Any CPU.ActiveCfg = Release|Any CPU
		{A613E407-503E-46BE-B423-4DCF8D565025}.Release|Any CPU.Build.0 = Release|Any CPU
		{A613E407-503E-46BE-B423-4DCF8D565025}.Release|x64.ActiveCfg = Release|Any CPU
		{D80F354A-E65A-45B2-A59C-DA1439638457}.Debug|Any CPU.ActiveCfg = Debug|Any CPU
		{D80F354A-E65A-45B2-A59C-DA1439638457}.Debug|Any CPU.Build.0 = Debug|Any CPU
		{D80F354A-E65A-45B2-A59C-DA1439638457}.Debug|x64.ActiveCfg = Debug|Any CPU
		{D80F354A-E65A-45B2-A59C-DA1439638457}.Release (Azure Roles)|Any CPU.ActiveCfg = Release|Any CPU
		{D80F354A-E65A-45B2-A59C-DA1439638457}.Release (Azure Roles)|Any CPU.Build.0 = Release|Any CPU
		{D80F354A-E65A-45B2-A59C-DA1439638457}.Release (Azure Roles)|x64.ActiveCfg = Release|Any CPU
		{D80F354A-E65A-45B2-A59C-DA1439638457}.Release (Azure Website)|Any CPU.ActiveCfg = Release|Any CPU
		{D80F354A-E65A-45B2-A59C-DA1439638457}.Release (Azure Website)|Any CPU.Build.0 = Release|Any CPU
		{D80F354A-E65A-45B2-A59C-DA1439638457}.Release (Azure Website)|x64.ActiveCfg = Release|Any CPU
		{D80F354A-E65A-45B2-A59C-DA1439638457}.Release (Demo Site)|Any CPU.ActiveCfg = Release|Any CPU
		{D80F354A-E65A-45B2-A59C-DA1439638457}.Release (Demo Site)|Any CPU.Build.0 = Release|Any CPU
		{D80F354A-E65A-45B2-A59C-DA1439638457}.Release (Demo Site)|x64.ActiveCfg = Release|Any CPU
		{D80F354A-E65A-45B2-A59C-DA1439638457}.Release (SSL)|Any CPU.ActiveCfg = Release|Any CPU
		{D80F354A-E65A-45B2-A59C-DA1439638457}.Release (SSL)|Any CPU.Build.0 = Release|Any CPU
		{D80F354A-E65A-45B2-A59C-DA1439638457}.Release (SSL)|x64.ActiveCfg = Release|Any CPU
		{D80F354A-E65A-45B2-A59C-DA1439638457}.Release|Any CPU.ActiveCfg = Release|Any CPU
		{D80F354A-E65A-45B2-A59C-DA1439638457}.Release|Any CPU.Build.0 = Release|Any CPU
		{D80F354A-E65A-45B2-A59C-DA1439638457}.Release|x64.ActiveCfg = Release|Any CPU
		{3FF2970A-9516-47E4-9949-8F3D48B4C2A4}.Debug|Any CPU.ActiveCfg = Debug|Any CPU
		{3FF2970A-9516-47E4-9949-8F3D48B4C2A4}.Debug|Any CPU.Build.0 = Debug|Any CPU
		{3FF2970A-9516-47E4-9949-8F3D48B4C2A4}.Debug|x64.ActiveCfg = Debug|Any CPU
		{3FF2970A-9516-47E4-9949-8F3D48B4C2A4}.Release (Azure Roles)|Any CPU.ActiveCfg = Release|Any CPU
		{3FF2970A-9516-47E4-9949-8F3D48B4C2A4}.Release (Azure Roles)|Any CPU.Build.0 = Release|Any CPU
		{3FF2970A-9516-47E4-9949-8F3D48B4C2A4}.Release (Azure Roles)|x64.ActiveCfg = Release|Any CPU
		{3FF2970A-9516-47E4-9949-8F3D48B4C2A4}.Release (Azure Website)|Any CPU.ActiveCfg = Release|Any CPU
		{3FF2970A-9516-47E4-9949-8F3D48B4C2A4}.Release (Azure Website)|Any CPU.Build.0 = Release|Any CPU
		{3FF2970A-9516-47E4-9949-8F3D48B4C2A4}.Release (Azure Website)|x64.ActiveCfg = Release|Any CPU
		{3FF2970A-9516-47E4-9949-8F3D48B4C2A4}.Release (Demo Site)|Any CPU.ActiveCfg = Release|Any CPU
		{3FF2970A-9516-47E4-9949-8F3D48B4C2A4}.Release (Demo Site)|Any CPU.Build.0 = Release|Any CPU
		{3FF2970A-9516-47E4-9949-8F3D48B4C2A4}.Release (Demo Site)|x64.ActiveCfg = Release|Any CPU
		{3FF2970A-9516-47E4-9949-8F3D48B4C2A4}.Release (SSL)|Any CPU.ActiveCfg = Release|Any CPU
		{3FF2970A-9516-47E4-9949-8F3D48B4C2A4}.Release (SSL)|Any CPU.Build.0 = Release|Any CPU
		{3FF2970A-9516-47E4-9949-8F3D48B4C2A4}.Release (SSL)|x64.ActiveCfg = Release|Any CPU
		{3FF2970A-9516-47E4-9949-8F3D48B4C2A4}.Release|Any CPU.ActiveCfg = Release|Any CPU
		{3FF2970A-9516-47E4-9949-8F3D48B4C2A4}.Release|Any CPU.Build.0 = Release|Any CPU
		{3FF2970A-9516-47E4-9949-8F3D48B4C2A4}.Release|x64.ActiveCfg = Release|Any CPU
		{C027A1CA-F3C9-40B5-981F-7F6C03843790}.Debug|Any CPU.ActiveCfg = Debug|Any CPU
		{C027A1CA-F3C9-40B5-981F-7F6C03843790}.Debug|Any CPU.Build.0 = Debug|Any CPU
		{C027A1CA-F3C9-40B5-981F-7F6C03843790}.Debug|x64.ActiveCfg = Debug|Any CPU
		{C027A1CA-F3C9-40B5-981F-7F6C03843790}.Release (Azure Roles)|Any CPU.ActiveCfg = Release|Any CPU
		{C027A1CA-F3C9-40B5-981F-7F6C03843790}.Release (Azure Roles)|Any CPU.Build.0 = Release|Any CPU
		{C027A1CA-F3C9-40B5-981F-7F6C03843790}.Release (Azure Roles)|x64.ActiveCfg = Release|Any CPU
		{C027A1CA-F3C9-40B5-981F-7F6C03843790}.Release (Azure Website)|Any CPU.ActiveCfg = Release|Any CPU
		{C027A1CA-F3C9-40B5-981F-7F6C03843790}.Release (Azure Website)|Any CPU.Build.0 = Release|Any CPU
		{C027A1CA-F3C9-40B5-981F-7F6C03843790}.Release (Azure Website)|x64.ActiveCfg = Release|Any CPU
		{C027A1CA-F3C9-40B5-981F-7F6C03843790}.Release (Demo Site)|Any CPU.ActiveCfg = Release|Any CPU
		{C027A1CA-F3C9-40B5-981F-7F6C03843790}.Release (Demo Site)|Any CPU.Build.0 = Release|Any CPU
		{C027A1CA-F3C9-40B5-981F-7F6C03843790}.Release (Demo Site)|x64.ActiveCfg = Release|Any CPU
		{C027A1CA-F3C9-40B5-981F-7F6C03843790}.Release (SSL)|Any CPU.ActiveCfg = Release|Any CPU
		{C027A1CA-F3C9-40B5-981F-7F6C03843790}.Release (SSL)|Any CPU.Build.0 = Release|Any CPU
		{C027A1CA-F3C9-40B5-981F-7F6C03843790}.Release (SSL)|x64.ActiveCfg = Release|Any CPU
		{C027A1CA-F3C9-40B5-981F-7F6C03843790}.Release|Any CPU.ActiveCfg = Release|Any CPU
		{C027A1CA-F3C9-40B5-981F-7F6C03843790}.Release|Any CPU.Build.0 = Release|Any CPU
		{C027A1CA-F3C9-40B5-981F-7F6C03843790}.Release|x64.ActiveCfg = Release|Any CPU
		{67D16909-3993-48DC-A5AB-0F6176E624CC}.Debug|Any CPU.ActiveCfg = Debug|Any CPU
		{67D16909-3993-48DC-A5AB-0F6176E624CC}.Debug|Any CPU.Build.0 = Debug|Any CPU
		{67D16909-3993-48DC-A5AB-0F6176E624CC}.Debug|x64.ActiveCfg = Debug|Any CPU
		{67D16909-3993-48DC-A5AB-0F6176E624CC}.Release (Azure Roles)|Any CPU.ActiveCfg = Release|Any CPU
		{67D16909-3993-48DC-A5AB-0F6176E624CC}.Release (Azure Roles)|Any CPU.Build.0 = Release|Any CPU
		{67D16909-3993-48DC-A5AB-0F6176E624CC}.Release (Azure Roles)|x64.ActiveCfg = Release|Any CPU
		{67D16909-3993-48DC-A5AB-0F6176E624CC}.Release (Azure Website)|Any CPU.ActiveCfg = Release|Any CPU
		{67D16909-3993-48DC-A5AB-0F6176E624CC}.Release (Azure Website)|Any CPU.Build.0 = Release|Any CPU
		{67D16909-3993-48DC-A5AB-0F6176E624CC}.Release (Azure Website)|x64.ActiveCfg = Release|Any CPU
		{67D16909-3993-48DC-A5AB-0F6176E624CC}.Release (Demo Site)|Any CPU.ActiveCfg = Release|Any CPU
		{67D16909-3993-48DC-A5AB-0F6176E624CC}.Release (Demo Site)|Any CPU.Build.0 = Release|Any CPU
		{67D16909-3993-48DC-A5AB-0F6176E624CC}.Release (Demo Site)|x64.ActiveCfg = Release|Any CPU
		{67D16909-3993-48DC-A5AB-0F6176E624CC}.Release (SSL)|Any CPU.ActiveCfg = Release|Any CPU
		{67D16909-3993-48DC-A5AB-0F6176E624CC}.Release (SSL)|Any CPU.Build.0 = Release|Any CPU
		{67D16909-3993-48DC-A5AB-0F6176E624CC}.Release (SSL)|x64.ActiveCfg = Release|Any CPU
		{67D16909-3993-48DC-A5AB-0F6176E624CC}.Release|Any CPU.ActiveCfg = Release|Any CPU
		{67D16909-3993-48DC-A5AB-0F6176E624CC}.Release|Any CPU.Build.0 = Release|Any CPU
		{67D16909-3993-48DC-A5AB-0F6176E624CC}.Release|x64.ActiveCfg = Release|Any CPU
	EndGlobalSection
	GlobalSection(SolutionProperties) = preSolution
		HideSolutionNode = FALSE
	EndGlobalSection
	GlobalSection(NestedProjects) = preSolution
		{CDF3EF10-E666-4610-A9C6-022BD342ABE5} = {71387E34-191A-4806-93E9-3459BCC6BD3C}
		{6DF1B558-9FF8-4F1F-BCBF-B7D731B515C4} = {2AE568AC-0C4F-408E-B79A-F490C90A86FB}
		{41BCD1E0-5883-402B-B4DD-28713AC50237} = {2AE568AC-0C4F-408E-B79A-F490C90A86FB}
		{CECDFB4C-FB33-4F39-B514-7248F77849CE} = {36516FF3-8EF9-4A05-BF0B-81E67E7BA400}
		{B14A8273-FBF9-4A68-9ECE-74036C08098F} = {36516FF3-8EF9-4A05-BF0B-81E67E7BA400}
		{1246197C-03C0-4365-985D-EFB14FF96007} = {36516FF3-8EF9-4A05-BF0B-81E67E7BA400}
		{4D1C6AD8-1DBF-4549-B001-EA60A82B786D} = {1F61F920-0D77-4164-A884-C57A316D8A0D}
		{42D6FC80-8131-4532-8BDF-F629E0422428} = {1F61F920-0D77-4164-A884-C57A316D8A0D}
		{8B830909-ED6F-4E62-8363-8855E5D78A8F} = {03FA0399-C22C-4105-8416-3C7CE2D5DD9C}
		{A3790CC8-D99C-4DF8-8B5C-0BB73DD3631B} = {71387E34-191A-4806-93E9-3459BCC6BD3C}
		{ECF7A4C4-D462-4AAB-BCDC-0BD48C8EFC6D} = {DBE57561-61A0-417F-9F58-0AE1BEB14699}
		{C566BDC9-95C2-4E28-A177-B59844531E9A} = {DBE57561-61A0-417F-9F58-0AE1BEB14699}
		{607F6E03-4758-4218-8023-8E356903F16F} = {DBE57561-61A0-417F-9F58-0AE1BEB14699}
		{0CCE7EC8-20AD-4118-867D-6E8013F23B8E} = {DBE57561-61A0-417F-9F58-0AE1BEB14699}
		{7094FA62-9734-4942-9E4C-274E6A34B3A6} = {DBE57561-61A0-417F-9F58-0AE1BEB14699}
		{15641D35-9EEC-40DF-9E9F-DF7822EA2111} = {DBE57561-61A0-417F-9F58-0AE1BEB14699}
		{4750717B-031C-44ED-B6A8-9FBD2F208D53} = {DBE57561-61A0-417F-9F58-0AE1BEB14699}
		{791EFA9A-E00C-4CD5-855A-99180B8F73F2} = {DBE57561-61A0-417F-9F58-0AE1BEB14699}
		{CE06063A-6EB8-47F5-8190-CD6BB03CF161} = {DBE57561-61A0-417F-9F58-0AE1BEB14699}
		{FCCA8A84-05CE-4127-8DD5-1936305182D0} = {DBE57561-61A0-417F-9F58-0AE1BEB14699}
		{DF2308C8-852A-4EB8-8560-DD2F8522EB9D} = {DBE57561-61A0-417F-9F58-0AE1BEB14699}
		{C63ABB5D-B30D-4204-A2A8-B7FD0B3228AD} = {DBE57561-61A0-417F-9F58-0AE1BEB14699}
		{9118F7BB-8D92-48B2-A2CA-3564B6C48852} = {DBE57561-61A0-417F-9F58-0AE1BEB14699}
		{7654256F-1C34-4243-A9F4-AEA1C9420476} = {DBE57561-61A0-417F-9F58-0AE1BEB14699}
		{56AB103B-9B17-4CE1-A383-5E2305FBC5C7} = {DBE57561-61A0-417F-9F58-0AE1BEB14699}
		{29B26E7A-F6A8-480B-9942-C8640CED5DDC} = {DBE57561-61A0-417F-9F58-0AE1BEB14699}
		{1687FF94-C00F-483A-93EB-EB3D07EA7F59} = {DBE57561-61A0-417F-9F58-0AE1BEB14699}
		{98F527E2-D28A-4687-81E6-CF796E9A1013} = {DBE57561-61A0-417F-9F58-0AE1BEB14699}
		{9161211F-2A16-47B2-8D66-B5259D3B71BD} = {DBE57561-61A0-417F-9F58-0AE1BEB14699}
		{A613E407-503E-46BE-B423-4DCF8D565025} = {DBE57561-61A0-417F-9F58-0AE1BEB14699}
		{D80F354A-E65A-45B2-A59C-DA1439638457} = {DBE57561-61A0-417F-9F58-0AE1BEB14699}
		{3FF2970A-9516-47E4-9949-8F3D48B4C2A4} = {DBE57561-61A0-417F-9F58-0AE1BEB14699}
		{C027A1CA-F3C9-40B5-981F-7F6C03843790} = {DBE57561-61A0-417F-9F58-0AE1BEB14699}
		{67D16909-3993-48DC-A5AB-0F6176E624CC} = {DBE57561-61A0-417F-9F58-0AE1BEB14699}
	EndGlobalSection
EndGlobal
